
Microsoft Visual Studio Solution File, Format Version 12.00
# Visual Studio 14
VisualStudioVersion = 14.0.25420.1
MinimumVisualStudioVersion = 10.0.40219.1
Project("{FAE04EC0-301F-11D3-BF4B-00C04F79EFBC}") = "lab01_MatchCount", "lab01_MatchCount\lab01_MatchCount.csproj", "{88BD5532-53C0-4D86-B254-F9D33752A46D}"
EndProject
Project("{2150E333-8FDC-42A3-9474-1A3956D46DE8}") = "Solution Items", "Solution Items", "{FE6D8084-53A2-41F0-95A6-70EA01280112}"
	ProjectSection(SolutionItems) = preProject
		06.CSAdv-Reg-Ex-Exercises.docx = 06.CSAdv-Reg-Ex-Exercises.docx
		06.CSAdv-Reg-Ex-Lab.docx = 06.CSAdv-Reg-Ex-Lab.docx
	EndProjectSection
EndProject
Project("{FAE04EC0-301F-11D3-BF4B-00C04F79EFBC}") = "lab02_VowelCount", "lab02_VowelCount\lab02_VowelCount.csproj", "{E2F08EB3-B009-4F8F-97A6-70A53D8DE89D}"
EndProject
Project("{FAE04EC0-301F-11D3-BF4B-00C04F79EFBC}") = "lab03_NonDigitCount", "lab03_NonDigitCount\lab03_NonDigitCount.csproj", "{DF5322DC-DD6C-43F4-925F-17779BDC4F74}"
EndProject
Project("{FAE04EC0-301F-11D3-BF4B-00C04F79EFBC}") = "lab04_ExtractIntegerNumbers", "lab04_ExtractIntegerNumbers\lab04_ExtractIntegerNumbers.csproj", "{C1930B7C-5343-4385-853E-BD19CA8E864A}"
EndProject
Project("{FAE04EC0-301F-11D3-BF4B-00C04F79EFBC}") = "lab05_ExtractTags", "lab05_ExtractTags\lab05_ExtractTags.csproj", "{923DF802-204E-41CB-8FBE-9B4C6B4FDE36}"
EndProject
Project("{FAE04EC0-301F-11D3-BF4B-00C04F79EFBC}") = "lab06_ValidUsernames", "lab06_ValidUsernames\lab06_ValidUsernames.csproj", "{ABD70F10-D943-4F8D-B031-CBFDB5D6DB47}"
EndProject
Project("{FAE04EC0-301F-11D3-BF4B-00C04F79EFBC}") = "lab07_ValidTime", "lab07_ValidTime\lab07_ValidTime.csproj", "{D2183CF8-22D9-4432-AB5B-4E3FDE4F5F7F}"
EndProject
Project("{FAE04EC0-301F-11D3-BF4B-00C04F79EFBC}") = "lab08_ExtractQuotations", "lab08_ExtractQuotations\lab08_ExtractQuotations.csproj", "{049EF6B4-9C8A-481F-A9D9-310CD312AF4D}"
EndProject
Project("{FAE04EC0-301F-11D3-BF4B-00C04F79EFBC}") = "p01_MatchFullName", "p01_MatchFullName\p01_MatchFullName.csproj", "{D7DF53E4-281C-47C1-B2B3-B80AFCD4E439}"
EndProject
Project("{FAE04EC0-301F-11D3-BF4B-00C04F79EFBC}") = "p02_MatchPhoneNumber", "p02_MatchPhoneNumber\p02_MatchPhoneNumber.csproj", "{EACF274D-061C-4118-90C3-0355441DB6E0}"
EndProject
Project("{FAE04EC0-301F-11D3-BF4B-00C04F79EFBC}") = "p03_SeriesOfLetters", "p03_SeriesOfLetters\p03_SeriesOfLetters.csproj", "{C575CD3D-AC78-4E7E-8B4C-4A34CE68D7D7}"
EndProject
Project("{FAE04EC0-301F-11D3-BF4B-00C04F79EFBC}") = "p04_ReplaceAtag", "p04_ReplaceAtag\p04_ReplaceAtag.csproj", "{7F985D1A-DA5E-485E-8820-AF07BFBBDF45}"
EndProject
Project("{FAE04EC0-301F-11D3-BF4B-00C04F79EFBC}") = "p05_ExtractEmails", "p05_ExtractEmails\p05_ExtractEmails.csproj", "{6DC2F960-24FD-48C9-ABD9-560D9F9891E7}"
EndProject
Project("{FAE04EC0-301F-11D3-BF4B-00C04F79EFBC}") = "p06_SentenceExtractor", "p06_SentenceExtractor\p06_SentenceExtractor.csproj", "{009989CD-566C-49DB-91A3-0A30B1D28E12}"
EndProject
Project("{FAE04EC0-301F-11D3-BF4B-00C04F79EFBC}") = "p07_ValidUsernames", "p07_ValidUsernames\p07_ValidUsernames.csproj", "{7E042EF5-B3D2-4940-94B0-446EBDA9E1A8}"
EndProject
Project("{FAE04EC0-301F-11D3-BF4B-00C04F79EFBC}") = "p08_ExtractHyperlinks", "p08_ExtractHyperlinks\p08_ExtractHyperlinks.csproj", "{34E54502-0299-434E-A156-533E9FC4FEF6}"
EndProject
Project("{FAE04EC0-301F-11D3-BF4B-00C04F79EFBC}") = "p09_QueryMess", "p09_QueryMess\p09_QueryMess.csproj", "{8A848F8B-8C0B-4D0E-99A7-A0AF19396565}"
EndProject
Project("{FAE04EC0-301F-11D3-BF4B-00C04F79EFBC}") = "p10_UseYourChainsBuddy", "p10_UseYourChainsBuddy\p10_UseYourChainsBuddy.csproj", "{6112DF9C-7864-45A9-8BDD-7B1B25205673}"
EndProject
Project("{FAE04EC0-301F-11D3-BF4B-00C04F79EFBC}") = "p11_SemanticHTML", "p11_SemanticHTML\p11_SemanticHTML.csproj", "{CFDD9967-AC35-4F04-8358-4A3A1E0C8D05}"
EndProject
Project("{FAE04EC0-301F-11D3-BF4B-00C04F79EFBC}") = "p10_UseYourChainsBuddy2", "p10_UseYourChainsBuddy2\p10_UseYourChainsBuddy2.csproj", "{9FF1FE1C-7CC1-4055-95AF-C4D8A8A6017A}"
EndProject
Global
	GlobalSection(SolutionConfigurationPlatforms) = preSolution
		Debug|Any CPU = Debug|Any CPU
		Release|Any CPU = Release|Any CPU
	EndGlobalSection
	GlobalSection(ProjectConfigurationPlatforms) = postSolution
		{88BD5532-53C0-4D86-B254-F9D33752A46D}.Debug|Any CPU.ActiveCfg = Debug|Any CPU
		{88BD5532-53C0-4D86-B254-F9D33752A46D}.Debug|Any CPU.Build.0 = Debug|Any CPU
		{88BD5532-53C0-4D86-B254-F9D33752A46D}.Release|Any CPU.ActiveCfg = Release|Any CPU
		{88BD5532-53C0-4D86-B254-F9D33752A46D}.Release|Any CPU.Build.0 = Release|Any CPU
		{E2F08EB3-B009-4F8F-97A6-70A53D8DE89D}.Debug|Any CPU.ActiveCfg = Debug|Any CPU
		{E2F08EB3-B009-4F8F-97A6-70A53D8DE89D}.Debug|Any CPU.Build.0 = Debug|Any CPU
		{E2F08EB3-B009-4F8F-97A6-70A53D8DE89D}.Release|Any CPU.ActiveCfg = Release|Any CPU
		{E2F08EB3-B009-4F8F-97A6-70A53D8DE89D}.Release|Any CPU.Build.0 = Release|Any CPU
		{DF5322DC-DD6C-43F4-925F-17779BDC4F74}.Debug|Any CPU.ActiveCfg = Debug|Any CPU
		{DF5322DC-DD6C-43F4-925F-17779BDC4F74}.Debug|Any CPU.Build.0 = Debug|Any CPU
		{DF5322DC-DD6C-43F4-925F-17779BDC4F74}.Release|Any CPU.ActiveCfg = Release|Any CPU
		{DF5322DC-DD6C-43F4-925F-17779BDC4F74}.Release|Any CPU.Build.0 = Release|Any CPU
		{C1930B7C-5343-4385-853E-BD19CA8E864A}.Debug|Any CPU.ActiveCfg = Debug|Any CPU
		{C1930B7C-5343-4385-853E-BD19CA8E864A}.Debug|Any CPU.Build.0 = Debug|Any CPU
		{C1930B7C-5343-4385-853E-BD19CA8E864A}.Release|Any CPU.ActiveCfg = Release|Any CPU
		{C1930B7C-5343-4385-853E-BD19CA8E864A}.Release|Any CPU.Build.0 = Release|Any CPU
		{923DF802-204E-41CB-8FBE-9B4C6B4FDE36}.Debug|Any CPU.ActiveCfg = Debug|Any CPU
		{923DF802-204E-41CB-8FBE-9B4C6B4FDE36}.Debug|Any CPU.Build.0 = Debug|Any CPU
		{923DF802-204E-41CB-8FBE-9B4C6B4FDE36}.Release|Any CPU.ActiveCfg = Release|Any CPU
		{923DF802-204E-41CB-8FBE-9B4C6B4FDE36}.Release|Any CPU.Build.0 = Release|Any CPU
		{ABD70F10-D943-4F8D-B031-CBFDB5D6DB47}.Debug|Any CPU.ActiveCfg = Debug|Any CPU
		{ABD70F10-D943-4F8D-B031-CBFDB5D6DB47}.Debug|Any CPU.Build.0 = Debug|Any CPU
		{ABD70F10-D943-4F8D-B031-CBFDB5D6DB47}.Release|Any CPU.ActiveCfg = Release|Any CPU
		{ABD70F10-D943-4F8D-B031-CBFDB5D6DB47}.Release|Any CPU.Build.0 = Release|Any CPU
		{D2183CF8-22D9-4432-AB5B-4E3FDE4F5F7F}.Debug|Any CPU.ActiveCfg = Debug|Any CPU
		{D2183CF8-22D9-4432-AB5B-4E3FDE4F5F7F}.Debug|Any CPU.Build.0 = Debug|Any CPU
		{D2183CF8-22D9-4432-AB5B-4E3FDE4F5F7F}.Release|Any CPU.ActiveCfg = Release|Any CPU
		{D2183CF8-22D9-4432-AB5B-4E3FDE4F5F7F}.Release|Any CPU.Build.0 = Release|Any CPU
		{049EF6B4-9C8A-481F-A9D9-310CD312AF4D}.Debug|Any CPU.ActiveCfg = Debug|Any CPU
		{049EF6B4-9C8A-481F-A9D9-310CD312AF4D}.Debug|Any CPU.Build.0 = Debug|Any CPU
		{049EF6B4-9C8A-481F-A9D9-310CD312AF4D}.Release|Any CPU.ActiveCfg = Release|Any CPU
		{049EF6B4-9C8A-481F-A9D9-310CD312AF4D}.Release|Any CPU.Build.0 = Release|Any CPU
		{D7DF53E4-281C-47C1-B2B3-B80AFCD4E439}.Debug|Any CPU.ActiveCfg = Debug|Any CPU
		{D7DF53E4-281C-47C1-B2B3-B80AFCD4E439}.Debug|Any CPU.Build.0 = Debug|Any CPU
		{D7DF53E4-281C-47C1-B2B3-B80AFCD4E439}.Release|Any CPU.ActiveCfg = Release|Any CPU
		{D7DF53E4-281C-47C1-B2B3-B80AFCD4E439}.Release|Any CPU.Build.0 = Release|Any CPU
		{EACF274D-061C-4118-90C3-0355441DB6E0}.Debug|Any CPU.ActiveCfg = Debug|Any CPU
		{EACF274D-061C-4118-90C3-0355441DB6E0}.Debug|Any CPU.Build.0 = Debug|Any CPU
		{EACF274D-061C-4118-90C3-0355441DB6E0}.Release|Any CPU.ActiveCfg = Release|Any CPU
		{EACF274D-061C-4118-90C3-0355441DB6E0}.Release|Any CPU.Build.0 = Release|Any CPU
		{C575CD3D-AC78-4E7E-8B4C-4A34CE68D7D7}.Debug|Any CPU.ActiveCfg = Debug|Any CPU
		{C575CD3D-AC78-4E7E-8B4C-4A34CE68D7D7}.Debug|Any CPU.Build.0 = Debug|Any CPU
		{C575CD3D-AC78-4E7E-8B4C-4A34CE68D7D7}.Release|Any CPU.ActiveCfg = Release|Any CPU
		{C575CD3D-AC78-4E7E-8B4C-4A34CE68D7D7}.Release|Any CPU.Build.0 = Release|Any CPU
		{7F985D1A-DA5E-485E-8820-AF07BFBBDF45}.Debug|Any CPU.ActiveCfg = Debug|Any CPU
		{7F985D1A-DA5E-485E-8820-AF07BFBBDF45}.Debug|Any CPU.Build.0 = Debug|Any CPU
		{7F985D1A-DA5E-485E-8820-AF07BFBBDF45}.Release|Any CPU.ActiveCfg = Release|Any CPU
		{7F985D1A-DA5E-485E-8820-AF07BFBBDF45}.Release|Any CPU.Build.0 = Release|Any CPU
		{6DC2F960-24FD-48C9-ABD9-560D9F9891E7}.Debug|Any CPU.ActiveCfg = Debug|Any CPU
		{6DC2F960-24FD-48C9-ABD9-560D9F9891E7}.Debug|Any CPU.Build.0 = Debug|Any CPU
		{6DC2F960-24FD-48C9-ABD9-560D9F9891E7}.Release|Any CPU.ActiveCfg = Release|Any CPU
		{6DC2F960-24FD-48C9-ABD9-560D9F9891E7}.Release|Any CPU.Build.0 = Release|Any CPU
		{009989CD-566C-49DB-91A3-0A30B1D28E12}.Debug|Any CPU.ActiveCfg = Debug|Any CPU
		{009989CD-566C-49DB-91A3-0A30B1D28E12}.Debug|Any CPU.Build.0 = Debug|Any CPU
		{009989CD-566C-49DB-91A3-0A30B1D28E12}.Release|Any CPU.ActiveCfg = Release|Any CPU
		{009989CD-566C-49DB-91A3-0A30B1D28E12}.Release|Any CPU.Build.0 = Release|Any CPU
		{7E042EF5-B3D2-4940-94B0-446EBDA9E1A8}.Debug|Any CPU.ActiveCfg = Debug|Any CPU
		{7E042EF5-B3D2-4940-94B0-446EBDA9E1A8}.Debug|Any CPU.Build.0 = Debug|Any CPU
		{7E042EF5-B3D2-4940-94B0-446EBDA9E1A8}.Release|Any CPU.ActiveCfg = Release|Any CPU
		{7E042EF5-B3D2-4940-94B0-446EBDA9E1A8}.Release|Any CPU.Build.0 = Release|Any CPU
		{34E54502-0299-434E-A156-533E9FC4FEF6}.Debug|Any CPU.ActiveCfg = Debug|Any CPU
		{34E54502-0299-434E-A156-533E9FC4FEF6}.Debug|Any CPU.Build.0 = Debug|Any CPU
		{34E54502-0299-434E-A156-533E9FC4FEF6}.Release|Any CPU.ActiveCfg = Release|Any CPU
		{34E54502-0299-434E-A156-533E9FC4FEF6}.Release|Any CPU.Build.0 = Release|Any CPU
		{8A848F8B-8C0B-4D0E-99A7-A0AF19396565}.Debug|Any CPU.ActiveCfg = Debug|Any CPU
		{8A848F8B-8C0B-4D0E-99A7-A0AF19396565}.Debug|Any CPU.Build.0 = Debug|Any CPU
		{8A848F8B-8C0B-4D0E-99A7-A0AF19396565}.Release|Any CPU.ActiveCfg = Release|Any CPU
		{8A848F8B-8C0B-4D0E-99A7-A0AF19396565}.Release|Any CPU.Build.0 = Release|Any CPU
		{6112DF9C-7864-45A9-8BDD-7B1B25205673}.Debug|Any CPU.ActiveCfg = Debug|Any CPU
		{6112DF9C-7864-45A9-8BDD-7B1B25205673}.Debug|Any CPU.Build.0 = Debug|Any CPU
		{6112DF9C-7864-45A9-8BDD-7B1B25205673}.Release|Any CPU.ActiveCfg = Release|Any CPU
		{6112DF9C-7864-45A9-8BDD-7B1B25205673}.Release|Any CPU.Build.0 = Release|Any CPU
		{CFDD9967-AC35-4F04-8358-4A3A1E0C8D05}.Debug|Any CPU.ActiveCfg = Debug|Any CPU
		{CFDD9967-AC35-4F04-8358-4A3A1E0C8D05}.Debug|Any CPU.Build.0 = Debug|Any CPU
		{CFDD9967-AC35-4F04-8358-4A3A1E0C8D05}.Release|Any CPU.ActiveCfg = Release|Any CPU
		{CFDD9967-AC35-4F04-8358-4A3A1E0C8D05}.Release|Any CPU.Build.0 = Release|Any CPU
		{9FF1FE1C-7CC1-4055-95AF-C4D8A8A6017A}.Debug|Any CPU.ActiveCfg = Debug|Any CPU
		{9FF1FE1C-7CC1-4055-95AF-C4D8A8A6017A}.Debug|Any CPU.Build.0 = Debug|Any CPU
		{9FF1FE1C-7CC1-4055-95AF-C4D8A8A6017A}.Release|Any CPU.ActiveCfg = Release|Any CPU
		{9FF1FE1C-7CC1-4055-95AF-C4D8A8A6017A}.Release|Any CPU.Build.0 = Release|Any CPU
	EndGlobalSection
	GlobalSection(SolutionProperties) = preSolution
		HideSolutionNode = FALSE
	EndGlobalSection
EndGlobal
