
Microsoft Visual Studio Solution File, Format Version 12.00
# Visual Studio 14
VisualStudioVersion = 14.0.25420.1
MinimumVisualStudioVersion = 10.0.40219.1
Project("{FAE04EC0-301F-11D3-BF4B-00C04F79EFBC}") = "lab01_ReverseStrings", "lab01_ReverseStrings\lab01_ReverseStrings.csproj", "{3CB87AC3-D0F5-4E8D-B11D-FFF5084E4E8A}"
EndProject
Project("{FAE04EC0-301F-11D3-BF4B-00C04F79EFBC}") = "lab02_SimpleCalculator", "lab02_SimpleCalculator\lab02_SimpleCalculator.csproj", "{C57B20ED-4BFB-45C9-9D7D-20107F7DB27F}"
EndProject
Project("{FAE04EC0-301F-11D3-BF4B-00C04F79EFBC}") = "lab03_DecimalToBinaryConverter", "lab03_DecimalToBinaryConverter\lab03_DecimalToBinaryConverter.csproj", "{1F68EA60-0DF6-4EEA-83A9-E75FF0C206F4}"
EndProject
Project("{FAE04EC0-301F-11D3-BF4B-00C04F79EFBC}") = "lab04_MatchingBrackets", "lab04_MatchingBrackets\lab04_MatchingBrackets.csproj", "{DF1FA1D8-7B31-4CA6-97D2-AA8442B4E754}"
EndProject
Project("{2150E333-8FDC-42A3-9474-1A3956D46DE8}") = "Solution Items", "Solution Items", "{6A6B1ECA-B803-4BBB-8ED1-415FBFDE6374}"
	ProjectSection(SolutionItems) = preProject
		01. CSharp-Advanced-Stacks-And-Queues-Exercises.docx = 01. CSharp-Advanced-Stacks-And-Queues-Exercises.docx
		01. CSharp-Advanced-Stacks-And-Queues-Lab.docx = 01. CSharp-Advanced-Stacks-And-Queues-Lab.docx
	EndProjectSection
EndProject
Project("{FAE04EC0-301F-11D3-BF4B-00C04F79EFBC}") = "lab05_HotPotato", "lab05_HotPotato\lab05_HotPotato.csproj", "{529A3C8E-1069-405A-ACAC-3709BFDEA3FC}"
EndProject
Project("{FAE04EC0-301F-11D3-BF4B-00C04F79EFBC}") = "lab06_MathPotato", "lab06_MathPotato\lab06_MathPotato.csproj", "{7D24B650-BCB6-4931-BBE1-295A43BE822F}"
EndProject
Project("{FAE04EC0-301F-11D3-BF4B-00C04F79EFBC}") = "p01_ReverseNumbersWithAStack", "p01_ReverseNumbersWithAStack\p01_ReverseNumbersWithAStack.csproj", "{C756380B-CFD4-40E1-8849-E35A913CDE93}"
EndProject
Project("{FAE04EC0-301F-11D3-BF4B-00C04F79EFBC}") = "p02_BasicStackOperations", "p02_BasicStackOperations\p02_BasicStackOperations.csproj", "{759F26C2-A80D-4344-846C-FD466418E007}"
EndProject
Project("{FAE04EC0-301F-11D3-BF4B-00C04F79EFBC}") = "p03_MaximumElement", "p03_MaximumElement\p03_MaximumElement.csproj", "{B6B7A499-467F-468A-80C6-3630AF530F59}"
EndProject
Project("{FAE04EC0-301F-11D3-BF4B-00C04F79EFBC}") = "p04_BasicQueueOperations", "p04_BasicQueueOperations\p04_BasicQueueOperations.csproj", "{12363299-AA80-40AF-B3C1-786E5FC3149A}"
EndProject
Project("{FAE04EC0-301F-11D3-BF4B-00C04F79EFBC}") = "p05_CalculateSequenceWwithQueue", "p05_CalculateSequenceWwithQueue\p05_CalculateSequenceWwithQueue.csproj", "{9BC30E3D-665E-4F34-B3A3-F9D3311CF859}"
EndProject
Project("{FAE04EC0-301F-11D3-BF4B-00C04F79EFBC}") = "p06_TruckTour", "p06_TruckTour\p06_TruckTour.csproj", "{8038F0FC-A5DA-44A1-9E9F-9521E3204A11}"
EndProject
Global
	GlobalSection(SolutionConfigurationPlatforms) = preSolution
		Debug|Any CPU = Debug|Any CPU
		Release|Any CPU = Release|Any CPU
	EndGlobalSection
	GlobalSection(ProjectConfigurationPlatforms) = postSolution
		{3CB87AC3-D0F5-4E8D-B11D-FFF5084E4E8A}.Debug|Any CPU.ActiveCfg = Debug|Any CPU
		{3CB87AC3-D0F5-4E8D-B11D-FFF5084E4E8A}.Debug|Any CPU.Build.0 = Debug|Any CPU
		{3CB87AC3-D0F5-4E8D-B11D-FFF5084E4E8A}.Release|Any CPU.ActiveCfg = Release|Any CPU
		{3CB87AC3-D0F5-4E8D-B11D-FFF5084E4E8A}.Release|Any CPU.Build.0 = Release|Any CPU
		{C57B20ED-4BFB-45C9-9D7D-20107F7DB27F}.Debug|Any CPU.ActiveCfg = Debug|Any CPU
		{C57B20ED-4BFB-45C9-9D7D-20107F7DB27F}.Debug|Any CPU.Build.0 = Debug|Any CPU
		{C57B20ED-4BFB-45C9-9D7D-20107F7DB27F}.Release|Any CPU.ActiveCfg = Release|Any CPU
		{C57B20ED-4BFB-45C9-9D7D-20107F7DB27F}.Release|Any CPU.Build.0 = Release|Any CPU
		{1F68EA60-0DF6-4EEA-83A9-E75FF0C206F4}.Debug|Any CPU.ActiveCfg = Debug|Any CPU
		{1F68EA60-0DF6-4EEA-83A9-E75FF0C206F4}.Debug|Any CPU.Build.0 = Debug|Any CPU
		{1F68EA60-0DF6-4EEA-83A9-E75FF0C206F4}.Release|Any CPU.ActiveCfg = Release|Any CPU
		{1F68EA60-0DF6-4EEA-83A9-E75FF0C206F4}.Release|Any CPU.Build.0 = Release|Any CPU
		{DF1FA1D8-7B31-4CA6-97D2-AA8442B4E754}.Debug|Any CPU.ActiveCfg = Debug|Any CPU
		{DF1FA1D8-7B31-4CA6-97D2-AA8442B4E754}.Debug|Any CPU.Build.0 = Debug|Any CPU
		{DF1FA1D8-7B31-4CA6-97D2-AA8442B4E754}.Release|Any CPU.ActiveCfg = Release|Any CPU
		{DF1FA1D8-7B31-4CA6-97D2-AA8442B4E754}.Release|Any CPU.Build.0 = Release|Any CPU
		{529A3C8E-1069-405A-ACAC-3709BFDEA3FC}.Debug|Any CPU.ActiveCfg = Debug|Any CPU
		{529A3C8E-1069-405A-ACAC-3709BFDEA3FC}.Debug|Any CPU.Build.0 = Debug|Any CPU
		{529A3C8E-1069-405A-ACAC-3709BFDEA3FC}.Release|Any CPU.ActiveCfg = Release|Any CPU
		{529A3C8E-1069-405A-ACAC-3709BFDEA3FC}.Release|Any CPU.Build.0 = Release|Any CPU
		{7D24B650-BCB6-4931-BBE1-295A43BE822F}.Debug|Any CPU.ActiveCfg = Debug|Any CPU
		{7D24B650-BCB6-4931-BBE1-295A43BE822F}.Debug|Any CPU.Build.0 = Debug|Any CPU
		{7D24B650-BCB6-4931-BBE1-295A43BE822F}.Release|Any CPU.ActiveCfg = Release|Any CPU
		{7D24B650-BCB6-4931-BBE1-295A43BE822F}.Release|Any CPU.Build.0 = Release|Any CPU
		{C756380B-CFD4-40E1-8849-E35A913CDE93}.Debug|Any CPU.ActiveCfg = Debug|Any CPU
		{C756380B-CFD4-40E1-8849-E35A913CDE93}.Debug|Any CPU.Build.0 = Debug|Any CPU
		{C756380B-CFD4-40E1-8849-E35A913CDE93}.Release|Any CPU.ActiveCfg = Release|Any CPU
		{C756380B-CFD4-40E1-8849-E35A913CDE93}.Release|Any CPU.Build.0 = Release|Any CPU
		{759F26C2-A80D-4344-846C-FD466418E007}.Debug|Any CPU.ActiveCfg = Debug|Any CPU
		{759F26C2-A80D-4344-846C-FD466418E007}.Debug|Any CPU.Build.0 = Debug|Any CPU
		{759F26C2-A80D-4344-846C-FD466418E007}.Release|Any CPU.ActiveCfg = Release|Any CPU
		{759F26C2-A80D-4344-846C-FD466418E007}.Release|Any CPU.Build.0 = Release|Any CPU
		{B6B7A499-467F-468A-80C6-3630AF530F59}.Debug|Any CPU.ActiveCfg = Debug|Any CPU
		{B6B7A499-467F-468A-80C6-3630AF530F59}.Debug|Any CPU.Build.0 = Debug|Any CPU
		{B6B7A499-467F-468A-80C6-3630AF530F59}.Release|Any CPU.ActiveCfg = Release|Any CPU
		{B6B7A499-467F-468A-80C6-3630AF530F59}.Release|Any CPU.Build.0 = Release|Any CPU
		{12363299-AA80-40AF-B3C1-786E5FC3149A}.Debug|Any CPU.ActiveCfg = Debug|Any CPU
		{12363299-AA80-40AF-B3C1-786E5FC3149A}.Debug|Any CPU.Build.0 = Debug|Any CPU
		{12363299-AA80-40AF-B3C1-786E5FC3149A}.Release|Any CPU.ActiveCfg = Release|Any CPU
		{12363299-AA80-40AF-B3C1-786E5FC3149A}.Release|Any CPU.Build.0 = Release|Any CPU
		{9BC30E3D-665E-4F34-B3A3-F9D3311CF859}.Debug|Any CPU.ActiveCfg = Debug|Any CPU
		{9BC30E3D-665E-4F34-B3A3-F9D3311CF859}.Debug|Any CPU.Build.0 = Debug|Any CPU
		{9BC30E3D-665E-4F34-B3A3-F9D3311CF859}.Release|Any CPU.ActiveCfg = Release|Any CPU
		{9BC30E3D-665E-4F34-B3A3-F9D3311CF859}.Release|Any CPU.Build.0 = Release|Any CPU
		{8038F0FC-A5DA-44A1-9E9F-9521E3204A11}.Debug|Any CPU.ActiveCfg = Debug|Any CPU
		{8038F0FC-A5DA-44A1-9E9F-9521E3204A11}.Debug|Any CPU.Build.0 = Debug|Any CPU
		{8038F0FC-A5DA-44A1-9E9F-9521E3204A11}.Release|Any CPU.ActiveCfg = Release|Any CPU
		{8038F0FC-A5DA-44A1-9E9F-9521E3204A11}.Release|Any CPU.Build.0 = Release|Any CPU
	EndGlobalSection
	GlobalSection(SolutionProperties) = preSolution
		HideSolutionNode = FALSE
	EndGlobalSection
EndGlobal
