
Microsoft Visual Studio Solution File, Format Version 12.00
# Visual Studio 14
VisualStudioVersion = 14.0.25420.1
MinimumVisualStudioVersion = 10.0.40219.1
Project("{2150E333-8FDC-42A3-9474-1A3956D46DE8}") = "Solution Items", "Solution Items", "{1D074C2C-4278-4600-B4E3-F0299E0FBD32}"
	ProjectSection(SolutionItems) = preProject
		02.CSAdv-Sets-And-Dictionaries-Exercises.docx = 02.CSAdv-Sets-And-Dictionaries-Exercises.docx
		02.CSAdv-Sets-And-Dictionaries-Lab.docx = 02.CSAdv-Sets-And-Dictionaries-Lab.docx
	EndProjectSection
EndProject
Project("{FAE04EC0-301F-11D3-BF4B-00C04F79EFBC}") = "lab01_ParkingLot", "lab01_ParkingLot\lab01_ParkingLot.csproj", "{17108C57-B386-4AEB-AF3B-D3815B6E25E6}"
EndProject
Project("{FAE04EC0-301F-11D3-BF4B-00C04F79EFBC}") = "lab02_SoftUniParty", "lab02_SoftUniParty\lab02_SoftUniParty.csproj", "{E63AE8B1-CB89-4147-A483-8D127032F7F9}"
EndProject
Project("{FAE04EC0-301F-11D3-BF4B-00C04F79EFBC}") = "lab03_CountSameValuesInArray", "lab03_CountSameValuesInArray\lab03_CountSameValuesInArray.csproj", "{8D58B68F-B5D8-49FE-850D-757F416F23F0}"
EndProject
Project("{FAE04EC0-301F-11D3-BF4B-00C04F79EFBC}") = "lab04_AcademyGraduation", "lab04_AcademyGraduation\lab04_AcademyGraduation.csproj", "{B5DF7EB6-EFEE-4D08-B0FF-EBBA2E352D9A}"
EndProject
Project("{FAE04EC0-301F-11D3-BF4B-00C04F79EFBC}") = "p01_UniqueUsernames", "p01_UniqueUsernames\p01_UniqueUsernames.csproj", "{0638E8F2-4387-4AD0-BD11-AFDEAC6149D1}"
EndProject
Project("{FAE04EC0-301F-11D3-BF4B-00C04F79EFBC}") = "p02_SetsOfElements", "p02_SetsOfElements\p02_SetsOfElements.csproj", "{65B156CA-3B38-44C1-8120-4130D395A307}"
EndProject
Project("{FAE04EC0-301F-11D3-BF4B-00C04F79EFBC}") = "p03_PeriodicTable", "p03_PeriodicTable\p03_PeriodicTable.csproj", "{0ACDFA8E-5D54-4846-840A-71FE400BD787}"
EndProject
Project("{FAE04EC0-301F-11D3-BF4B-00C04F79EFBC}") = "p04_CountSymbols", "p04_CountSymbols\p04_CountSymbols.csproj", "{FF865429-215B-4ED0-A570-B6848A0CBC51}"
EndProject
Project("{FAE04EC0-301F-11D3-BF4B-00C04F79EFBC}") = "p05_Phonebook", "p05_Phonebook\p05_Phonebook.csproj", "{BDFE3679-F1AC-4168-ACB6-A2A6B6B39CC4}"
EndProject
Project("{FAE04EC0-301F-11D3-BF4B-00C04F79EFBC}") = "p06_AMminerTask", "p06_AMminerTask\p06_AMminerTask.csproj", "{3D6E7DF3-181E-4ECD-A88B-5344B4E50AC9}"
EndProject
Project("{FAE04EC0-301F-11D3-BF4B-00C04F79EFBC}") = "p07_FixEmails", "p07_FixEmails\p07_FixEmails.csproj", "{97077C1E-CC1F-4B8C-9076-FB3363C30DA6}"
EndProject
Project("{FAE04EC0-301F-11D3-BF4B-00C04F79EFBC}") = "p08_HandsOfCards", "p08_HandsOfCards\p08_HandsOfCards.csproj", "{F317BB63-218A-413A-909D-FB6B5DEE17A5}"
EndProject
Project("{FAE04EC0-301F-11D3-BF4B-00C04F79EFBC}") = "p09_UserLogs", "p09_UserLogs\p09_UserLogs.csproj", "{7FD68C4A-46B8-442D-BD91-8AFA168CC8DF}"
EndProject
Project("{FAE04EC0-301F-11D3-BF4B-00C04F79EFBC}") = "p10_PopulationCounter", "p10_PopulationCounter\p10_PopulationCounter.csproj", "{1A416616-5D28-4C51-B5F7-EB7DEF8D9133}"
EndProject
Project("{FAE04EC0-301F-11D3-BF4B-00C04F79EFBC}") = "p11_LogsAggregator", "p11_LogsAggregator\p11_LogsAggregator.csproj", "{A8CA093A-6E6F-4662-BB19-6D71E1967260}"
EndProject
Project("{FAE04EC0-301F-11D3-BF4B-00C04F79EFBC}") = "p12_LegendaryFarming", "p12_LegendaryFarming\p12_LegendaryFarming.csproj", "{7889A447-3C71-4470-B6D0-F4A7C77C4591}"
EndProject
Project("{FAE04EC0-301F-11D3-BF4B-00C04F79EFBC}") = "p13_SrabskoUnleashed", "p13_SrabskoUnleashed\p13_SrabskoUnleashed.csproj", "{2FF86E44-0112-4421-9671-E6C9573DD287}"
EndProject
Project("{FAE04EC0-301F-11D3-BF4B-00C04F79EFBC}") = "p14_DragonArmy", "p14_DragonArmy\p14_DragonArmy.csproj", "{F9B8CADB-5F24-49DE-A16B-B7B41D1D77E8}"
EndProject
Global
	GlobalSection(SolutionConfigurationPlatforms) = preSolution
		Debug|Any CPU = Debug|Any CPU
		Release|Any CPU = Release|Any CPU
	EndGlobalSection
	GlobalSection(ProjectConfigurationPlatforms) = postSolution
		{17108C57-B386-4AEB-AF3B-D3815B6E25E6}.Debug|Any CPU.ActiveCfg = Debug|Any CPU
		{17108C57-B386-4AEB-AF3B-D3815B6E25E6}.Debug|Any CPU.Build.0 = Debug|Any CPU
		{17108C57-B386-4AEB-AF3B-D3815B6E25E6}.Release|Any CPU.ActiveCfg = Release|Any CPU
		{17108C57-B386-4AEB-AF3B-D3815B6E25E6}.Release|Any CPU.Build.0 = Release|Any CPU
		{E63AE8B1-CB89-4147-A483-8D127032F7F9}.Debug|Any CPU.ActiveCfg = Debug|Any CPU
		{E63AE8B1-CB89-4147-A483-8D127032F7F9}.Debug|Any CPU.Build.0 = Debug|Any CPU
		{E63AE8B1-CB89-4147-A483-8D127032F7F9}.Release|Any CPU.ActiveCfg = Release|Any CPU
		{E63AE8B1-CB89-4147-A483-8D127032F7F9}.Release|Any CPU.Build.0 = Release|Any CPU
		{8D58B68F-B5D8-49FE-850D-757F416F23F0}.Debug|Any CPU.ActiveCfg = Debug|Any CPU
		{8D58B68F-B5D8-49FE-850D-757F416F23F0}.Debug|Any CPU.Build.0 = Debug|Any CPU
		{8D58B68F-B5D8-49FE-850D-757F416F23F0}.Release|Any CPU.ActiveCfg = Release|Any CPU
		{8D58B68F-B5D8-49FE-850D-757F416F23F0}.Release|Any CPU.Build.0 = Release|Any CPU
		{B5DF7EB6-EFEE-4D08-B0FF-EBBA2E352D9A}.Debug|Any CPU.ActiveCfg = Debug|Any CPU
		{B5DF7EB6-EFEE-4D08-B0FF-EBBA2E352D9A}.Debug|Any CPU.Build.0 = Debug|Any CPU
		{B5DF7EB6-EFEE-4D08-B0FF-EBBA2E352D9A}.Release|Any CPU.ActiveCfg = Release|Any CPU
		{B5DF7EB6-EFEE-4D08-B0FF-EBBA2E352D9A}.Release|Any CPU.Build.0 = Release|Any CPU
		{0638E8F2-4387-4AD0-BD11-AFDEAC6149D1}.Debug|Any CPU.ActiveCfg = Debug|Any CPU
		{0638E8F2-4387-4AD0-BD11-AFDEAC6149D1}.Debug|Any CPU.Build.0 = Debug|Any CPU
		{0638E8F2-4387-4AD0-BD11-AFDEAC6149D1}.Release|Any CPU.ActiveCfg = Release|Any CPU
		{0638E8F2-4387-4AD0-BD11-AFDEAC6149D1}.Release|Any CPU.Build.0 = Release|Any CPU
		{65B156CA-3B38-44C1-8120-4130D395A307}.Debug|Any CPU.ActiveCfg = Debug|Any CPU
		{65B156CA-3B38-44C1-8120-4130D395A307}.Debug|Any CPU.Build.0 = Debug|Any CPU
		{65B156CA-3B38-44C1-8120-4130D395A307}.Release|Any CPU.ActiveCfg = Release|Any CPU
		{65B156CA-3B38-44C1-8120-4130D395A307}.Release|Any CPU.Build.0 = Release|Any CPU
		{0ACDFA8E-5D54-4846-840A-71FE400BD787}.Debug|Any CPU.ActiveCfg = Debug|Any CPU
		{0ACDFA8E-5D54-4846-840A-71FE400BD787}.Debug|Any CPU.Build.0 = Debug|Any CPU
		{0ACDFA8E-5D54-4846-840A-71FE400BD787}.Release|Any CPU.ActiveCfg = Release|Any CPU
		{0ACDFA8E-5D54-4846-840A-71FE400BD787}.Release|Any CPU.Build.0 = Release|Any CPU
		{FF865429-215B-4ED0-A570-B6848A0CBC51}.Debug|Any CPU.ActiveCfg = Debug|Any CPU
		{FF865429-215B-4ED0-A570-B6848A0CBC51}.Debug|Any CPU.Build.0 = Debug|Any CPU
		{FF865429-215B-4ED0-A570-B6848A0CBC51}.Release|Any CPU.ActiveCfg = Release|Any CPU
		{FF865429-215B-4ED0-A570-B6848A0CBC51}.Release|Any CPU.Build.0 = Release|Any CPU
		{BDFE3679-F1AC-4168-ACB6-A2A6B6B39CC4}.Debug|Any CPU.ActiveCfg = Debug|Any CPU
		{BDFE3679-F1AC-4168-ACB6-A2A6B6B39CC4}.Debug|Any CPU.Build.0 = Debug|Any CPU
		{BDFE3679-F1AC-4168-ACB6-A2A6B6B39CC4}.Release|Any CPU.ActiveCfg = Release|Any CPU
		{BDFE3679-F1AC-4168-ACB6-A2A6B6B39CC4}.Release|Any CPU.Build.0 = Release|Any CPU
		{3D6E7DF3-181E-4ECD-A88B-5344B4E50AC9}.Debug|Any CPU.ActiveCfg = Debug|Any CPU
		{3D6E7DF3-181E-4ECD-A88B-5344B4E50AC9}.Debug|Any CPU.Build.0 = Debug|Any CPU
		{3D6E7DF3-181E-4ECD-A88B-5344B4E50AC9}.Release|Any CPU.ActiveCfg = Release|Any CPU
		{3D6E7DF3-181E-4ECD-A88B-5344B4E50AC9}.Release|Any CPU.Build.0 = Release|Any CPU
		{97077C1E-CC1F-4B8C-9076-FB3363C30DA6}.Debug|Any CPU.ActiveCfg = Debug|Any CPU
		{97077C1E-CC1F-4B8C-9076-FB3363C30DA6}.Debug|Any CPU.Build.0 = Debug|Any CPU
		{97077C1E-CC1F-4B8C-9076-FB3363C30DA6}.Release|Any CPU.ActiveCfg = Release|Any CPU
		{97077C1E-CC1F-4B8C-9076-FB3363C30DA6}.Release|Any CPU.Build.0 = Release|Any CPU
		{F317BB63-218A-413A-909D-FB6B5DEE17A5}.Debug|Any CPU.ActiveCfg = Debug|Any CPU
		{F317BB63-218A-413A-909D-FB6B5DEE17A5}.Debug|Any CPU.Build.0 = Debug|Any CPU
		{F317BB63-218A-413A-909D-FB6B5DEE17A5}.Release|Any CPU.ActiveCfg = Release|Any CPU
		{F317BB63-218A-413A-909D-FB6B5DEE17A5}.Release|Any CPU.Build.0 = Release|Any CPU
		{7FD68C4A-46B8-442D-BD91-8AFA168CC8DF}.Debug|Any CPU.ActiveCfg = Debug|Any CPU
		{7FD68C4A-46B8-442D-BD91-8AFA168CC8DF}.Debug|Any CPU.Build.0 = Debug|Any CPU
		{7FD68C4A-46B8-442D-BD91-8AFA168CC8DF}.Release|Any CPU.ActiveCfg = Release|Any CPU
		{7FD68C4A-46B8-442D-BD91-8AFA168CC8DF}.Release|Any CPU.Build.0 = Release|Any CPU
		{1A416616-5D28-4C51-B5F7-EB7DEF8D9133}.Debug|Any CPU.ActiveCfg = Debug|Any CPU
		{1A416616-5D28-4C51-B5F7-EB7DEF8D9133}.Debug|Any CPU.Build.0 = Debug|Any CPU
		{1A416616-5D28-4C51-B5F7-EB7DEF8D9133}.Release|Any CPU.ActiveCfg = Release|Any CPU
		{1A416616-5D28-4C51-B5F7-EB7DEF8D9133}.Release|Any CPU.Build.0 = Release|Any CPU
		{A8CA093A-6E6F-4662-BB19-6D71E1967260}.Debug|Any CPU.ActiveCfg = Debug|Any CPU
		{A8CA093A-6E6F-4662-BB19-6D71E1967260}.Debug|Any CPU.Build.0 = Debug|Any CPU
		{A8CA093A-6E6F-4662-BB19-6D71E1967260}.Release|Any CPU.ActiveCfg = Release|Any CPU
		{A8CA093A-6E6F-4662-BB19-6D71E1967260}.Release|Any CPU.Build.0 = Release|Any CPU
		{7889A447-3C71-4470-B6D0-F4A7C77C4591}.Debug|Any CPU.ActiveCfg = Debug|Any CPU
		{7889A447-3C71-4470-B6D0-F4A7C77C4591}.Debug|Any CPU.Build.0 = Debug|Any CPU
		{7889A447-3C71-4470-B6D0-F4A7C77C4591}.Release|Any CPU.ActiveCfg = Release|Any CPU
		{7889A447-3C71-4470-B6D0-F4A7C77C4591}.Release|Any CPU.Build.0 = Release|Any CPU
		{2FF86E44-0112-4421-9671-E6C9573DD287}.Debug|Any CPU.ActiveCfg = Debug|Any CPU
		{2FF86E44-0112-4421-9671-E6C9573DD287}.Debug|Any CPU.Build.0 = Debug|Any CPU
		{2FF86E44-0112-4421-9671-E6C9573DD287}.Release|Any CPU.ActiveCfg = Release|Any CPU
		{2FF86E44-0112-4421-9671-E6C9573DD287}.Release|Any CPU.Build.0 = Release|Any CPU
		{F9B8CADB-5F24-49DE-A16B-B7B41D1D77E8}.Debug|Any CPU.ActiveCfg = Debug|Any CPU
		{F9B8CADB-5F24-49DE-A16B-B7B41D1D77E8}.Debug|Any CPU.Build.0 = Debug|Any CPU
		{F9B8CADB-5F24-49DE-A16B-B7B41D1D77E8}.Release|Any CPU.ActiveCfg = Release|Any CPU
		{F9B8CADB-5F24-49DE-A16B-B7B41D1D77E8}.Release|Any CPU.Build.0 = Release|Any CPU
	EndGlobalSection
	GlobalSection(SolutionProperties) = preSolution
		HideSolutionNode = FALSE
	EndGlobalSection
EndGlobal
