
Microsoft Visual Studio Solution File, Format Version 12.00
# Visual Studio 14
VisualStudioVersion = 14.0.25420.1
MinimumVisualStudioVersion = 10.0.40219.1
Project("{2150E333-8FDC-42A3-9474-1A3956D46DE8}") = "Solution Items", "Solution Items", "{F548DDA1-92DB-404A-A7F9-B2B76A6D2A87}"
	ProjectSection(SolutionItems) = preProject
		03.CSAdv-Matrices-Exercises.docx = 03.CSAdv-Matrices-Exercises.docx
		03.CSAdv-Matrices-Lab.docx = 03.CSAdv-Matrices-Lab.docx
	EndProjectSection
EndProject
Project("{FAE04EC0-301F-11D3-BF4B-00C04F79EFBC}") = "lab01_SumMatrixElements", "lab01_SumMatrixElements\lab01_SumMatrixElements.csproj", "{4B98B153-E4F4-4DEA-8E25-CEA98191575E}"
EndProject
Project("{FAE04EC0-301F-11D3-BF4B-00C04F79EFBC}") = "lab02_MaximumSumOf2xSubmatrix", "lab02_MaximumSumOf2xSubmatrix\lab02_MaximumSumOf2xSubmatrix.csproj", "{62B40474-EBF4-4027-B884-3068F07C2E13}"
EndProject
Project("{FAE04EC0-301F-11D3-BF4B-00C04F79EFBC}") = "lab03_GroupNumbers", "lab03_GroupNumbers\lab03_GroupNumbers.csproj", "{6B398553-2046-4050-840B-17926EDEBC9D}"
EndProject
Project("{FAE04EC0-301F-11D3-BF4B-00C04F79EFBC}") = "lab04_PascalTriangle", "lab04_PascalTriangle\lab04_PascalTriangle.csproj", "{F5E53FCA-7828-41F2-A0ED-F9076EE41251}"
EndProject
Project("{FAE04EC0-301F-11D3-BF4B-00C04F79EFBC}") = "lab03_GroupNumbers2", "lab03_GroupNumbers2\lab03_GroupNumbers2.csproj", "{74E28D12-FA6E-449B-99CA-6BB06327E42A}"
EndProject
Project("{FAE04EC0-301F-11D3-BF4B-00C04F79EFBC}") = "p01_MatrixOfPalindromes", "p01_MatrixOfPalindromes\p01_MatrixOfPalindromes.csproj", "{D406B36F-AEEF-48F5-AC1E-9FE15985284B}"
EndProject
Project("{FAE04EC0-301F-11D3-BF4B-00C04F79EFBC}") = "p02_DiagonalDifference", "p02_DiagonalDifference\p02_DiagonalDifference.csproj", "{1FFF15F1-EFD2-413D-95C5-F057DB6749E7}"
EndProject
Project("{FAE04EC0-301F-11D3-BF4B-00C04F79EFBC}") = "p03_SquaresInMatrix", "p03_SquaresInMatrix\p03_SquaresInMatrix.csproj", "{D73E3A65-831C-49B0-8A8B-15A58807084C}"
EndProject
Project("{FAE04EC0-301F-11D3-BF4B-00C04F79EFBC}") = "p04_MaximalSum", "p04_MaximalSum\p04_MaximalSum.csproj", "{5559ACA3-686B-4814-A78A-C5074A378D7F}"
EndProject
Project("{FAE04EC0-301F-11D3-BF4B-00C04F79EFBC}") = "p05_RubiksMatrix", "p05_RubiksMatrix\p05_RubiksMatrix.csproj", "{6A14172D-034B-4015-83D3-BC04697B17F2}"
EndProject
Project("{FAE04EC0-301F-11D3-BF4B-00C04F79EFBC}") = "p06_TargetPractice", "p06_TargetPractice\p06_TargetPractice.csproj", "{627F5CBB-3CE0-4FF7-B83A-9338202D6CCB}"
EndProject
Project("{FAE04EC0-301F-11D3-BF4B-00C04F79EFBC}") = "p07_LegoBlocks", "p07_LegoBlocks\p07_LegoBlocks.csproj", "{A57A9762-1D34-420C-AA44-F3C8A7E9F51C}"
EndProject
Project("{FAE04EC0-301F-11D3-BF4B-00C04F79EFBC}") = "p08_RadioactiveMutantVampireBunnies", "p08_RadioactiveMutantVampireBunnies\p08_RadioactiveMutantVampireBunnies.csproj", "{6F4A50CC-9734-45E5-99CD-A2601D0148B4}"
EndProject
Project("{FAE04EC0-301F-11D3-BF4B-00C04F79EFBC}") = "p09_Crossfire", "p09_Crossfire\p09_Crossfire.csproj", "{283AE14A-C5C0-4E62-8D6B-4381586AD371}"
EndProject
Project("{FAE04EC0-301F-11D3-BF4B-00C04F79EFBC}") = "p10_TheHeiganDance", "p10_TheHeiganDance\p10_TheHeiganDance.csproj", "{3FCF9C77-D6F0-47BB-BEFE-66715770DDA2}"
EndProject
Project("{FAE04EC0-301F-11D3-BF4B-00C04F79EFBC}") = "p11_ParkingSystem", "p11_ParkingSystem\p11_ParkingSystem.csproj", "{5B1E021E-69AE-403D-B69A-CC0D7BAB67CB}"
EndProject
Project("{FAE04EC0-301F-11D3-BF4B-00C04F79EFBC}") = "p12_StringMatrixRotation", "p12_StringMatrixRotation\p12_StringMatrixRotation.csproj", "{FD00B2D5-AE72-412E-B656-DBCF1E1158A7}"
EndProject
Project("{FAE04EC0-301F-11D3-BF4B-00C04F79EFBC}") = "p11_ParkingSystem2", "p11_ParkingSystem2\p11_ParkingSystem2.csproj", "{E072B742-381D-46DD-B951-B22C4E1F21F7}"
EndProject
Project("{FAE04EC0-301F-11D3-BF4B-00C04F79EFBC}") = "p09_Crossfire2", "p09_Crossfire2\p09_Crossfire2.csproj", "{5A4DC2B0-DB47-487D-BD0F-6D3AB5B2C5F6}"
EndProject
Project("{FAE04EC0-301F-11D3-BF4B-00C04F79EFBC}") = "p10_TheHeiganDance2", "p10_TheHeiganDance2\p10_TheHeiganDance2.csproj", "{26EFDB6E-599C-4E51-ABB9-3C9EACF51A48}"
EndProject
Global
	GlobalSection(SolutionConfigurationPlatforms) = preSolution
		Debug|Any CPU = Debug|Any CPU
		Release|Any CPU = Release|Any CPU
	EndGlobalSection
	GlobalSection(ProjectConfigurationPlatforms) = postSolution
		{4B98B153-E4F4-4DEA-8E25-CEA98191575E}.Debug|Any CPU.ActiveCfg = Debug|Any CPU
		{4B98B153-E4F4-4DEA-8E25-CEA98191575E}.Debug|Any CPU.Build.0 = Debug|Any CPU
		{4B98B153-E4F4-4DEA-8E25-CEA98191575E}.Release|Any CPU.ActiveCfg = Release|Any CPU
		{4B98B153-E4F4-4DEA-8E25-CEA98191575E}.Release|Any CPU.Build.0 = Release|Any CPU
		{62B40474-EBF4-4027-B884-3068F07C2E13}.Debug|Any CPU.ActiveCfg = Debug|Any CPU
		{62B40474-EBF4-4027-B884-3068F07C2E13}.Debug|Any CPU.Build.0 = Debug|Any CPU
		{62B40474-EBF4-4027-B884-3068F07C2E13}.Release|Any CPU.ActiveCfg = Release|Any CPU
		{62B40474-EBF4-4027-B884-3068F07C2E13}.Release|Any CPU.Build.0 = Release|Any CPU
		{6B398553-2046-4050-840B-17926EDEBC9D}.Debug|Any CPU.ActiveCfg = Debug|Any CPU
		{6B398553-2046-4050-840B-17926EDEBC9D}.Debug|Any CPU.Build.0 = Debug|Any CPU
		{6B398553-2046-4050-840B-17926EDEBC9D}.Release|Any CPU.ActiveCfg = Release|Any CPU
		{6B398553-2046-4050-840B-17926EDEBC9D}.Release|Any CPU.Build.0 = Release|Any CPU
		{F5E53FCA-7828-41F2-A0ED-F9076EE41251}.Debug|Any CPU.ActiveCfg = Debug|Any CPU
		{F5E53FCA-7828-41F2-A0ED-F9076EE41251}.Debug|Any CPU.Build.0 = Debug|Any CPU
		{F5E53FCA-7828-41F2-A0ED-F9076EE41251}.Release|Any CPU.ActiveCfg = Release|Any CPU
		{F5E53FCA-7828-41F2-A0ED-F9076EE41251}.Release|Any CPU.Build.0 = Release|Any CPU
		{74E28D12-FA6E-449B-99CA-6BB06327E42A}.Debug|Any CPU.ActiveCfg = Debug|Any CPU
		{74E28D12-FA6E-449B-99CA-6BB06327E42A}.Debug|Any CPU.Build.0 = Debug|Any CPU
		{74E28D12-FA6E-449B-99CA-6BB06327E42A}.Release|Any CPU.ActiveCfg = Release|Any CPU
		{74E28D12-FA6E-449B-99CA-6BB06327E42A}.Release|Any CPU.Build.0 = Release|Any CPU
		{D406B36F-AEEF-48F5-AC1E-9FE15985284B}.Debug|Any CPU.ActiveCfg = Debug|Any CPU
		{D406B36F-AEEF-48F5-AC1E-9FE15985284B}.Debug|Any CPU.Build.0 = Debug|Any CPU
		{D406B36F-AEEF-48F5-AC1E-9FE15985284B}.Release|Any CPU.ActiveCfg = Release|Any CPU
		{D406B36F-AEEF-48F5-AC1E-9FE15985284B}.Release|Any CPU.Build.0 = Release|Any CPU
		{1FFF15F1-EFD2-413D-95C5-F057DB6749E7}.Debug|Any CPU.ActiveCfg = Debug|Any CPU
		{1FFF15F1-EFD2-413D-95C5-F057DB6749E7}.Debug|Any CPU.Build.0 = Debug|Any CPU
		{1FFF15F1-EFD2-413D-95C5-F057DB6749E7}.Release|Any CPU.ActiveCfg = Release|Any CPU
		{1FFF15F1-EFD2-413D-95C5-F057DB6749E7}.Release|Any CPU.Build.0 = Release|Any CPU
		{D73E3A65-831C-49B0-8A8B-15A58807084C}.Debug|Any CPU.ActiveCfg = Debug|Any CPU
		{D73E3A65-831C-49B0-8A8B-15A58807084C}.Debug|Any CPU.Build.0 = Debug|Any CPU
		{D73E3A65-831C-49B0-8A8B-15A58807084C}.Release|Any CPU.ActiveCfg = Release|Any CPU
		{D73E3A65-831C-49B0-8A8B-15A58807084C}.Release|Any CPU.Build.0 = Release|Any CPU
		{5559ACA3-686B-4814-A78A-C5074A378D7F}.Debug|Any CPU.ActiveCfg = Debug|Any CPU
		{5559ACA3-686B-4814-A78A-C5074A378D7F}.Debug|Any CPU.Build.0 = Debug|Any CPU
		{5559ACA3-686B-4814-A78A-C5074A378D7F}.Release|Any CPU.ActiveCfg = Release|Any CPU
		{5559ACA3-686B-4814-A78A-C5074A378D7F}.Release|Any CPU.Build.0 = Release|Any CPU
		{6A14172D-034B-4015-83D3-BC04697B17F2}.Debug|Any CPU.ActiveCfg = Debug|Any CPU
		{6A14172D-034B-4015-83D3-BC04697B17F2}.Debug|Any CPU.Build.0 = Debug|Any CPU
		{6A14172D-034B-4015-83D3-BC04697B17F2}.Release|Any CPU.ActiveCfg = Release|Any CPU
		{6A14172D-034B-4015-83D3-BC04697B17F2}.Release|Any CPU.Build.0 = Release|Any CPU
		{627F5CBB-3CE0-4FF7-B83A-9338202D6CCB}.Debug|Any CPU.ActiveCfg = Debug|Any CPU
		{627F5CBB-3CE0-4FF7-B83A-9338202D6CCB}.Debug|Any CPU.Build.0 = Debug|Any CPU
		{627F5CBB-3CE0-4FF7-B83A-9338202D6CCB}.Release|Any CPU.ActiveCfg = Release|Any CPU
		{627F5CBB-3CE0-4FF7-B83A-9338202D6CCB}.Release|Any CPU.Build.0 = Release|Any CPU
		{A57A9762-1D34-420C-AA44-F3C8A7E9F51C}.Debug|Any CPU.ActiveCfg = Debug|Any CPU
		{A57A9762-1D34-420C-AA44-F3C8A7E9F51C}.Debug|Any CPU.Build.0 = Debug|Any CPU
		{A57A9762-1D34-420C-AA44-F3C8A7E9F51C}.Release|Any CPU.ActiveCfg = Release|Any CPU
		{A57A9762-1D34-420C-AA44-F3C8A7E9F51C}.Release|Any CPU.Build.0 = Release|Any CPU
		{6F4A50CC-9734-45E5-99CD-A2601D0148B4}.Debug|Any CPU.ActiveCfg = Debug|Any CPU
		{6F4A50CC-9734-45E5-99CD-A2601D0148B4}.Debug|Any CPU.Build.0 = Debug|Any CPU
		{6F4A50CC-9734-45E5-99CD-A2601D0148B4}.Release|Any CPU.ActiveCfg = Release|Any CPU
		{6F4A50CC-9734-45E5-99CD-A2601D0148B4}.Release|Any CPU.Build.0 = Release|Any CPU
		{283AE14A-C5C0-4E62-8D6B-4381586AD371}.Debug|Any CPU.ActiveCfg = Debug|Any CPU
		{283AE14A-C5C0-4E62-8D6B-4381586AD371}.Debug|Any CPU.Build.0 = Debug|Any CPU
		{283AE14A-C5C0-4E62-8D6B-4381586AD371}.Release|Any CPU.ActiveCfg = Release|Any CPU
		{283AE14A-C5C0-4E62-8D6B-4381586AD371}.Release|Any CPU.Build.0 = Release|Any CPU
		{3FCF9C77-D6F0-47BB-BEFE-66715770DDA2}.Debug|Any CPU.ActiveCfg = Debug|Any CPU
		{3FCF9C77-D6F0-47BB-BEFE-66715770DDA2}.Debug|Any CPU.Build.0 = Debug|Any CPU
		{3FCF9C77-D6F0-47BB-BEFE-66715770DDA2}.Release|Any CPU.ActiveCfg = Release|Any CPU
		{3FCF9C77-D6F0-47BB-BEFE-66715770DDA2}.Release|Any CPU.Build.0 = Release|Any CPU
		{5B1E021E-69AE-403D-B69A-CC0D7BAB67CB}.Debug|Any CPU.ActiveCfg = Debug|Any CPU
		{5B1E021E-69AE-403D-B69A-CC0D7BAB67CB}.Debug|Any CPU.Build.0 = Debug|Any CPU
		{5B1E021E-69AE-403D-B69A-CC0D7BAB67CB}.Release|Any CPU.ActiveCfg = Release|Any CPU
		{5B1E021E-69AE-403D-B69A-CC0D7BAB67CB}.Release|Any CPU.Build.0 = Release|Any CPU
		{FD00B2D5-AE72-412E-B656-DBCF1E1158A7}.Debug|Any CPU.ActiveCfg = Debug|Any CPU
		{FD00B2D5-AE72-412E-B656-DBCF1E1158A7}.Debug|Any CPU.Build.0 = Debug|Any CPU
		{FD00B2D5-AE72-412E-B656-DBCF1E1158A7}.Release|Any CPU.ActiveCfg = Release|Any CPU
		{FD00B2D5-AE72-412E-B656-DBCF1E1158A7}.Release|Any CPU.Build.0 = Release|Any CPU
		{E072B742-381D-46DD-B951-B22C4E1F21F7}.Debug|Any CPU.ActiveCfg = Debug|Any CPU
		{E072B742-381D-46DD-B951-B22C4E1F21F7}.Debug|Any CPU.Build.0 = Debug|Any CPU
		{E072B742-381D-46DD-B951-B22C4E1F21F7}.Release|Any CPU.ActiveCfg = Release|Any CPU
		{E072B742-381D-46DD-B951-B22C4E1F21F7}.Release|Any CPU.Build.0 = Release|Any CPU
		{5A4DC2B0-DB47-487D-BD0F-6D3AB5B2C5F6}.Debug|Any CPU.ActiveCfg = Debug|Any CPU
		{5A4DC2B0-DB47-487D-BD0F-6D3AB5B2C5F6}.Debug|Any CPU.Build.0 = Debug|Any CPU
		{5A4DC2B0-DB47-487D-BD0F-6D3AB5B2C5F6}.Release|Any CPU.ActiveCfg = Release|Any CPU
		{5A4DC2B0-DB47-487D-BD0F-6D3AB5B2C5F6}.Release|Any CPU.Build.0 = Release|Any CPU
		{26EFDB6E-599C-4E51-ABB9-3C9EACF51A48}.Debug|Any CPU.ActiveCfg = Debug|Any CPU
		{26EFDB6E-599C-4E51-ABB9-3C9EACF51A48}.Debug|Any CPU.Build.0 = Debug|Any CPU
		{26EFDB6E-599C-4E51-ABB9-3C9EACF51A48}.Release|Any CPU.ActiveCfg = Release|Any CPU
		{26EFDB6E-599C-4E51-ABB9-3C9EACF51A48}.Release|Any CPU.Build.0 = Release|Any CPU
	EndGlobalSection
	GlobalSection(SolutionProperties) = preSolution
		HideSolutionNode = FALSE
	EndGlobalSection
EndGlobal
