
Microsoft Visual Studio Solution File, Format Version 12.00
# Visual Studio 14
VisualStudioVersion = 14.0.25420.1
MinimumVisualStudioVersion = 10.0.40219.1
Project("{2150E333-8FDC-42A3-9474-1A3956D46DE8}") = "Solution Items", "Solution Items", "{662EEDD8-9557-4DB1-A3E5-5BCA61691873}"
	ProjectSection(SolutionItems) = preProject
		04.CSAdv-Streams-Exercise.docx = 04.CSAdv-Streams-Exercise.docx
	EndProjectSection
EndProject
Project("{FAE04EC0-301F-11D3-BF4B-00C04F79EFBC}") = "p01_OddLines", "p01_OddLines\p01_OddLines.csproj", "{665DC8FF-8C38-4BD8-B162-4C0DE2175122}"
EndProject
Project("{2150E333-8FDC-42A3-9474-1A3956D46DE8}") = "Resources", "Resources", "{2A231A6D-35CF-4390-9657-67F7D3A9F562}"
	ProjectSection(SolutionItems) = preProject
		Resources\error.html = Resources\error.html
		Resources\index.html = Resources\index.html
		Resources\info.html = Resources\info.html
	EndProjectSection
EndProject
Project("{FAE04EC0-301F-11D3-BF4B-00C04F79EFBC}") = "p02_LineNumbers", "p02_LineNumbers\p02_LineNumbers.csproj", "{310FAEA2-1094-4304-BDD9-BDCDB0070391}"
EndProject
Project("{FAE04EC0-301F-11D3-BF4B-00C04F79EFBC}") = "P03_WordCount", "P03_WordCount\P03_WordCount.csproj", "{F0B4C159-E53E-4AF5-A618-BFC553883801}"
EndProject
Project("{FAE04EC0-301F-11D3-BF4B-00C04F79EFBC}") = "p04_CopyBinaryFile", "p04_CopyBinaryFile\p04_CopyBinaryFile.csproj", "{68406AFE-5606-4945-AE3B-8415AFEC929E}"
EndProject
Project("{FAE04EC0-301F-11D3-BF4B-00C04F79EFBC}") = "p05_SlicingFile", "p05_SlicingFile\p05_SlicingFile.csproj", "{84D551C8-16FA-4150-9234-2D7B2D50149D}"
EndProject
Project("{FAE04EC0-301F-11D3-BF4B-00C04F79EFBC}") = "p06_ZippingSlicedFiles", "p06_ZippingSlicedFiles\p06_ZippingSlicedFiles.csproj", "{54C28AAD-CDCF-49F6-8964-69655BEF1522}"
EndProject
Project("{FAE04EC0-301F-11D3-BF4B-00C04F79EFBC}") = "p07_DirectoryTraversal", "p07_DirectoryTraversal\p07_DirectoryTraversal.csproj", "{080E7320-6C7D-415B-8B64-1E2D692E44E1}"
EndProject
Project("{FAE04EC0-301F-11D3-BF4B-00C04F79EFBC}") = "p08_FullDirectoryTraversal", "p08_FullDirectoryTraversal\p08_FullDirectoryTraversal.csproj", "{831696CF-E7B9-4919-B6C5-2B73F6A4A7FF}"
EndProject
Project("{FAE04EC0-301F-11D3-BF4B-00C04F79EFBC}") = "p09_HTTPServer", "p09_HTTPServer\p09_HTTPServer.csproj", "{75EA338C-8E4B-4B6A-A694-6701D7B57A0D}"
EndProject
Global
	GlobalSection(SolutionConfigurationPlatforms) = preSolution
		Debug|Any CPU = Debug|Any CPU
		Release|Any CPU = Release|Any CPU
	EndGlobalSection
	GlobalSection(ProjectConfigurationPlatforms) = postSolution
		{665DC8FF-8C38-4BD8-B162-4C0DE2175122}.Debug|Any CPU.ActiveCfg = Debug|Any CPU
		{665DC8FF-8C38-4BD8-B162-4C0DE2175122}.Debug|Any CPU.Build.0 = Debug|Any CPU
		{665DC8FF-8C38-4BD8-B162-4C0DE2175122}.Release|Any CPU.ActiveCfg = Release|Any CPU
		{665DC8FF-8C38-4BD8-B162-4C0DE2175122}.Release|Any CPU.Build.0 = Release|Any CPU
		{310FAEA2-1094-4304-BDD9-BDCDB0070391}.Debug|Any CPU.ActiveCfg = Debug|Any CPU
		{310FAEA2-1094-4304-BDD9-BDCDB0070391}.Debug|Any CPU.Build.0 = Debug|Any CPU
		{310FAEA2-1094-4304-BDD9-BDCDB0070391}.Release|Any CPU.ActiveCfg = Release|Any CPU
		{310FAEA2-1094-4304-BDD9-BDCDB0070391}.Release|Any CPU.Build.0 = Release|Any CPU
		{F0B4C159-E53E-4AF5-A618-BFC553883801}.Debug|Any CPU.ActiveCfg = Debug|Any CPU
		{F0B4C159-E53E-4AF5-A618-BFC553883801}.Debug|Any CPU.Build.0 = Debug|Any CPU
		{F0B4C159-E53E-4AF5-A618-BFC553883801}.Release|Any CPU.ActiveCfg = Release|Any CPU
		{F0B4C159-E53E-4AF5-A618-BFC553883801}.Release|Any CPU.Build.0 = Release|Any CPU
		{68406AFE-5606-4945-AE3B-8415AFEC929E}.Debug|Any CPU.ActiveCfg = Debug|Any CPU
		{68406AFE-5606-4945-AE3B-8415AFEC929E}.Debug|Any CPU.Build.0 = Debug|Any CPU
		{68406AFE-5606-4945-AE3B-8415AFEC929E}.Release|Any CPU.ActiveCfg = Release|Any CPU
		{68406AFE-5606-4945-AE3B-8415AFEC929E}.Release|Any CPU.Build.0 = Release|Any CPU
		{84D551C8-16FA-4150-9234-2D7B2D50149D}.Debug|Any CPU.ActiveCfg = Debug|Any CPU
		{84D551C8-16FA-4150-9234-2D7B2D50149D}.Debug|Any CPU.Build.0 = Debug|Any CPU
		{84D551C8-16FA-4150-9234-2D7B2D50149D}.Release|Any CPU.ActiveCfg = Release|Any CPU
		{84D551C8-16FA-4150-9234-2D7B2D50149D}.Release|Any CPU.Build.0 = Release|Any CPU
		{54C28AAD-CDCF-49F6-8964-69655BEF1522}.Debug|Any CPU.ActiveCfg = Debug|Any CPU
		{54C28AAD-CDCF-49F6-8964-69655BEF1522}.Debug|Any CPU.Build.0 = Debug|Any CPU
		{54C28AAD-CDCF-49F6-8964-69655BEF1522}.Release|Any CPU.ActiveCfg = Release|Any CPU
		{54C28AAD-CDCF-49F6-8964-69655BEF1522}.Release|Any CPU.Build.0 = Release|Any CPU
		{080E7320-6C7D-415B-8B64-1E2D692E44E1}.Debug|Any CPU.ActiveCfg = Debug|Any CPU
		{080E7320-6C7D-415B-8B64-1E2D692E44E1}.Debug|Any CPU.Build.0 = Debug|Any CPU
		{080E7320-6C7D-415B-8B64-1E2D692E44E1}.Release|Any CPU.ActiveCfg = Release|Any CPU
		{080E7320-6C7D-415B-8B64-1E2D692E44E1}.Release|Any CPU.Build.0 = Release|Any CPU
		{831696CF-E7B9-4919-B6C5-2B73F6A4A7FF}.Debug|Any CPU.ActiveCfg = Debug|Any CPU
		{831696CF-E7B9-4919-B6C5-2B73F6A4A7FF}.Debug|Any CPU.Build.0 = Debug|Any CPU
		{831696CF-E7B9-4919-B6C5-2B73F6A4A7FF}.Release|Any CPU.ActiveCfg = Release|Any CPU
		{831696CF-E7B9-4919-B6C5-2B73F6A4A7FF}.Release|Any CPU.Build.0 = Release|Any CPU
		{75EA338C-8E4B-4B6A-A694-6701D7B57A0D}.Debug|Any CPU.ActiveCfg = Debug|Any CPU
		{75EA338C-8E4B-4B6A-A694-6701D7B57A0D}.Debug|Any CPU.Build.0 = Debug|Any CPU
		{75EA338C-8E4B-4B6A-A694-6701D7B57A0D}.Release|Any CPU.ActiveCfg = Release|Any CPU
		{75EA338C-8E4B-4B6A-A694-6701D7B57A0D}.Release|Any CPU.Build.0 = Release|Any CPU
	EndGlobalSection
	GlobalSection(SolutionProperties) = preSolution
		HideSolutionNode = FALSE
	EndGlobalSection
EndGlobal
