
Microsoft Visual Studio Solution File, Format Version 12.00
# Visual Studio 14
VisualStudioVersion = 14.0.25420.1
MinimumVisualStudioVersion = 10.0.40219.1
Project("{2150E333-8FDC-42A3-9474-1A3956D46DE8}") = "Solution Items", "Solution Items", "{D5D3CB8F-6AC9-4D10-9033-882BA71DD4AB}"
	ProjectSection(SolutionItems) = preProject
		08.CSAdv-LINQ-Exercises (Course).docx = 08.CSAdv-LINQ-Exercises (Course).docx
		08.CSAdv-LINQ-Exercises (Judge).docx = 08.CSAdv-LINQ-Exercises (Judge).docx
		08.CSAdv-LINQ-Lab.docx = 08.CSAdv-LINQ-Lab.docx
		StudentData.txt = StudentData.txt
	EndProjectSection
EndProject
Project("{FAE04EC0-301F-11D3-BF4B-00C04F79EFBC}") = "lab01_TakeTwo", "lab01_TakeTwo\lab01_TakeTwo.csproj", "{992DBCE6-AEAB-467D-9DE4-813C670B171A}"
EndProject
Project("{FAE04EC0-301F-11D3-BF4B-00C04F79EFBC}") = "lab02_UpperStrings", "lab02_UpperStrings\lab02_UpperStrings.csproj", "{86C8C20F-1D13-466D-A1C0-3F2601EB55CE}"
EndProject
Project("{FAE04EC0-301F-11D3-BF4B-00C04F79EFBC}") = "lab03_FirstName", "lab03_FirstName\lab03_FirstName.csproj", "{B8D8CF4B-35E9-4DB1-8E52-583B93A7DC65}"
EndProject
Project("{FAE04EC0-301F-11D3-BF4B-00C04F79EFBC}") = "lab04_AverageOfDoubles", "lab04_AverageOfDoubles\lab04_AverageOfDoubles.csproj", "{7279DC09-B7D9-4918-8075-D1672E1CFA0C}"
EndProject
Project("{FAE04EC0-301F-11D3-BF4B-00C04F79EFBC}") = "lab05_MinEvenNumber", "lab05_MinEvenNumber\lab05_MinEvenNumber.csproj", "{A24FF7C2-9D95-409E-87C4-FCF26720D23C}"
EndProject
Project("{FAE04EC0-301F-11D3-BF4B-00C04F79EFBC}") = "lab06_FindAndSumIntegers", "lab06_FindAndSumIntegers\lab06_FindAndSumIntegers.csproj", "{1600BF3F-E7D0-4BA0-97F9-E75F5687C183}"
EndProject
Project("{FAE04EC0-301F-11D3-BF4B-00C04F79EFBC}") = "lab07_BoundedNumbers", "lab07_BoundedNumbers\lab07_BoundedNumbers.csproj", "{3A333917-1082-4959-A375-2D1287C2F198}"
EndProject
Project("{FAE04EC0-301F-11D3-BF4B-00C04F79EFBC}") = "lab08_MapDistricts", "lab08_MapDistricts\lab08_MapDistricts.csproj", "{DB03865E-98C2-46C9-BE7D-0A843DB3EC6A}"
EndProject
Project("{FAE04EC0-301F-11D3-BF4B-00C04F79EFBC}") = "lab08_MapDistricts2", "lab08_MapDistricts2\lab08_MapDistricts2.csproj", "{B5379398-D926-4EEE-A783-69E848DB1890}"
EndProject
Global
	GlobalSection(SolutionConfigurationPlatforms) = preSolution
		Debug|Any CPU = Debug|Any CPU
		Release|Any CPU = Release|Any CPU
	EndGlobalSection
	GlobalSection(ProjectConfigurationPlatforms) = postSolution
		{992DBCE6-AEAB-467D-9DE4-813C670B171A}.Debug|Any CPU.ActiveCfg = Debug|Any CPU
		{992DBCE6-AEAB-467D-9DE4-813C670B171A}.Debug|Any CPU.Build.0 = Debug|Any CPU
		{992DBCE6-AEAB-467D-9DE4-813C670B171A}.Release|Any CPU.ActiveCfg = Release|Any CPU
		{992DBCE6-AEAB-467D-9DE4-813C670B171A}.Release|Any CPU.Build.0 = Release|Any CPU
		{86C8C20F-1D13-466D-A1C0-3F2601EB55CE}.Debug|Any CPU.ActiveCfg = Debug|Any CPU
		{86C8C20F-1D13-466D-A1C0-3F2601EB55CE}.Debug|Any CPU.Build.0 = Debug|Any CPU
		{86C8C20F-1D13-466D-A1C0-3F2601EB55CE}.Release|Any CPU.ActiveCfg = Release|Any CPU
		{86C8C20F-1D13-466D-A1C0-3F2601EB55CE}.Release|Any CPU.Build.0 = Release|Any CPU
		{B8D8CF4B-35E9-4DB1-8E52-583B93A7DC65}.Debug|Any CPU.ActiveCfg = Debug|Any CPU
		{B8D8CF4B-35E9-4DB1-8E52-583B93A7DC65}.Debug|Any CPU.Build.0 = Debug|Any CPU
		{B8D8CF4B-35E9-4DB1-8E52-583B93A7DC65}.Release|Any CPU.ActiveCfg = Release|Any CPU
		{B8D8CF4B-35E9-4DB1-8E52-583B93A7DC65}.Release|Any CPU.Build.0 = Release|Any CPU
		{7279DC09-B7D9-4918-8075-D1672E1CFA0C}.Debug|Any CPU.ActiveCfg = Debug|Any CPU
		{7279DC09-B7D9-4918-8075-D1672E1CFA0C}.Debug|Any CPU.Build.0 = Debug|Any CPU
		{7279DC09-B7D9-4918-8075-D1672E1CFA0C}.Release|Any CPU.ActiveCfg = Release|Any CPU
		{7279DC09-B7D9-4918-8075-D1672E1CFA0C}.Release|Any CPU.Build.0 = Release|Any CPU
		{A24FF7C2-9D95-409E-87C4-FCF26720D23C}.Debug|Any CPU.ActiveCfg = Debug|Any CPU
		{A24FF7C2-9D95-409E-87C4-FCF26720D23C}.Debug|Any CPU.Build.0 = Debug|Any CPU
		{A24FF7C2-9D95-409E-87C4-FCF26720D23C}.Release|Any CPU.ActiveCfg = Release|Any CPU
		{A24FF7C2-9D95-409E-87C4-FCF26720D23C}.Release|Any CPU.Build.0 = Release|Any CPU
		{1600BF3F-E7D0-4BA0-97F9-E75F5687C183}.Debug|Any CPU.ActiveCfg = Debug|Any CPU
		{1600BF3F-E7D0-4BA0-97F9-E75F5687C183}.Debug|Any CPU.Build.0 = Debug|Any CPU
		{1600BF3F-E7D0-4BA0-97F9-E75F5687C183}.Release|Any CPU.ActiveCfg = Release|Any CPU
		{1600BF3F-E7D0-4BA0-97F9-E75F5687C183}.Release|Any CPU.Build.0 = Release|Any CPU
		{3A333917-1082-4959-A375-2D1287C2F198}.Debug|Any CPU.ActiveCfg = Debug|Any CPU
		{3A333917-1082-4959-A375-2D1287C2F198}.Debug|Any CPU.Build.0 = Debug|Any CPU
		{3A333917-1082-4959-A375-2D1287C2F198}.Release|Any CPU.ActiveCfg = Release|Any CPU
		{3A333917-1082-4959-A375-2D1287C2F198}.Release|Any CPU.Build.0 = Release|Any CPU
		{DB03865E-98C2-46C9-BE7D-0A843DB3EC6A}.Debug|Any CPU.ActiveCfg = Debug|Any CPU
		{DB03865E-98C2-46C9-BE7D-0A843DB3EC6A}.Debug|Any CPU.Build.0 = Debug|Any CPU
		{DB03865E-98C2-46C9-BE7D-0A843DB3EC6A}.Release|Any CPU.ActiveCfg = Release|Any CPU
		{DB03865E-98C2-46C9-BE7D-0A843DB3EC6A}.Release|Any CPU.Build.0 = Release|Any CPU
		{B5379398-D926-4EEE-A783-69E848DB1890}.Debug|Any CPU.ActiveCfg = Debug|Any CPU
		{B5379398-D926-4EEE-A783-69E848DB1890}.Debug|Any CPU.Build.0 = Debug|Any CPU
		{B5379398-D926-4EEE-A783-69E848DB1890}.Release|Any CPU.ActiveCfg = Release|Any CPU
		{B5379398-D926-4EEE-A783-69E848DB1890}.Release|Any CPU.Build.0 = Release|Any CPU
	EndGlobalSection
	GlobalSection(SolutionProperties) = preSolution
		HideSolutionNode = FALSE
	EndGlobalSection
EndGlobal
