
Microsoft Visual Studio Solution File, Format Version 12.00
# Visual Studio 14
VisualStudioVersion = 14.0.25420.1
MinimumVisualStudioVersion = 10.0.40219.1
Project("{2150E333-8FDC-42A3-9474-1A3956D46DE8}") = "Solution Items", "Solution Items", "{D5D3CB8F-6AC9-4D10-9033-882BA71DD4AB}"
	ProjectSection(SolutionItems) = preProject
		08.CSAdv-LINQ-Exercises (Course).docx = 08.CSAdv-LINQ-Exercises (Course).docx
		08.CSAdv-LINQ-Exercises (Judge).docx = 08.CSAdv-LINQ-Exercises (Judge).docx
		08.CSAdv-LINQ-Lab.docx = 08.CSAdv-LINQ-Lab.docx
		StudentData.txt = StudentData.txt
	EndProjectSection
EndProject
Project("{FAE04EC0-301F-11D3-BF4B-00C04F79EFBC}") = "lab01_TakeTwo", "lab01_TakeTwo\lab01_TakeTwo.csproj", "{992DBCE6-AEAB-467D-9DE4-813C670B171A}"
EndProject
Project("{FAE04EC0-301F-11D3-BF4B-00C04F79EFBC}") = "lab02_UpperStrings", "lab02_UpperStrings\lab02_UpperStrings.csproj", "{86C8C20F-1D13-466D-A1C0-3F2601EB55CE}"
EndProject
Project("{FAE04EC0-301F-11D3-BF4B-00C04F79EFBC}") = "lab03_FirstName", "lab03_FirstName\lab03_FirstName.csproj", "{B8D8CF4B-35E9-4DB1-8E52-583B93A7DC65}"
EndProject
Project("{FAE04EC0-301F-11D3-BF4B-00C04F79EFBC}") = "lab04_AverageOfDoubles", "lab04_AverageOfDoubles\lab04_AverageOfDoubles.csproj", "{7279DC09-B7D9-4918-8075-D1672E1CFA0C}"
EndProject
Project("{FAE04EC0-301F-11D3-BF4B-00C04F79EFBC}") = "lab05_MinEvenNumber", "lab05_MinEvenNumber\lab05_MinEvenNumber.csproj", "{A24FF7C2-9D95-409E-87C4-FCF26720D23C}"
EndProject
Project("{FAE04EC0-301F-11D3-BF4B-00C04F79EFBC}") = "lab06_FindAndSumIntegers", "lab06_FindAndSumIntegers\lab06_FindAndSumIntegers.csproj", "{1600BF3F-E7D0-4BA0-97F9-E75F5687C183}"
EndProject
Project("{FAE04EC0-301F-11D3-BF4B-00C04F79EFBC}") = "lab07_BoundedNumbers", "lab07_BoundedNumbers\lab07_BoundedNumbers.csproj", "{3A333917-1082-4959-A375-2D1287C2F198}"
EndProject
Project("{FAE04EC0-301F-11D3-BF4B-00C04F79EFBC}") = "lab08_MapDistricts", "lab08_MapDistricts\lab08_MapDistricts.csproj", "{DB03865E-98C2-46C9-BE7D-0A843DB3EC6A}"
EndProject
Project("{FAE04EC0-301F-11D3-BF4B-00C04F79EFBC}") = "lab08_MapDistricts2", "lab08_MapDistricts2\lab08_MapDistricts2.csproj", "{B5379398-D926-4EEE-A783-69E848DB1890}"
EndProject
Project("{FAE04EC0-301F-11D3-BF4B-00C04F79EFBC}") = "p01_StudentsByGroup", "p01_StudentsByGroup\p01_StudentsByGroup.csproj", "{2F86B67C-63E9-45D8-90E0-C2BFFAB75FB3}"
EndProject
Project("{FAE04EC0-301F-11D3-BF4B-00C04F79EFBC}") = "p01_StudentsByGroup2", "p01_StudentsByGroup2\p01_StudentsByGroup2.csproj", "{63080D88-D7FD-47DC-BE81-9749AF06975F}"
EndProject
Project("{FAE04EC0-301F-11D3-BF4B-00C04F79EFBC}") = "p02_StudentsByFirstAndLastName", "p02_StudentsByFirstAndLastName\p02_StudentsByFirstAndLastName.csproj", "{775A45E7-1EC0-4200-994A-787781E58179}"
EndProject
Project("{FAE04EC0-301F-11D3-BF4B-00C04F79EFBC}") = "p03_StudentsByAge", "p03_StudentsByAge\p03_StudentsByAge.csproj", "{A291F7FC-0DA8-4D2E-9925-A6D58354B89D}"
EndProject
Project("{FAE04EC0-301F-11D3-BF4B-00C04F79EFBC}") = "p04_SortStudents", "p04_SortStudents\p04_SortStudents.csproj", "{112C3736-3FFB-4CF4-A7DC-29EBCE514CD9}"
EndProject
Project("{FAE04EC0-301F-11D3-BF4B-00C04F79EFBC}") = "p05_FilterStudentsByEmailDomain", "p05_FilterStudentsByEmailDomain\p05_FilterStudentsByEmailDomain.csproj", "{26161B12-AE7F-43B1-8DDC-94C7BBAFF556}"
EndProject
Project("{FAE04EC0-301F-11D3-BF4B-00C04F79EFBC}") = "p06_FilterStudentsByPhone", "p06_FilterStudentsByPhone\p06_FilterStudentsByPhone.csproj", "{70ACCC7E-3CBB-45B9-8445-E18EFB512F17}"
EndProject
Project("{FAE04EC0-301F-11D3-BF4B-00C04F79EFBC}") = "p07_ExcellentStudents", "p07_ExcellentStudents\p07_ExcellentStudents.csproj", "{78B17A8D-9A67-4321-A8F6-C67DDD87FF38}"
EndProject
Project("{FAE04EC0-301F-11D3-BF4B-00C04F79EFBC}") = "p08_WeakStudents", "p08_WeakStudents\p08_WeakStudents.csproj", "{FE50FE71-4B73-40C4-820A-941BC17ACC5D}"
EndProject
Project("{FAE04EC0-301F-11D3-BF4B-00C04F79EFBC}") = "p09_StudentsEnrolledIn2014or2015", "p09_StudentsEnrolledIn2014or2015\p09_StudentsEnrolledIn2014or2015.csproj", "{C3CAC4A1-B6C3-4373-98E4-A63E4CCB778E}"
EndProject
Project("{FAE04EC0-301F-11D3-BF4B-00C04F79EFBC}") = "p10_GroupByGroup", "p10_GroupByGroup\p10_GroupByGroup.csproj", "{AEDC7D44-14EF-47D1-B536-EDAC5A614546}"
EndProject
Project("{FAE04EC0-301F-11D3-BF4B-00C04F79EFBC}") = "p11_StudentsJoinedToSpecialties", "p11_StudentsJoinedToSpecialties\p11_StudentsJoinedToSpecialties.csproj", "{1082EAB4-C620-4422-9610-219E8A77FABA}"
EndProject
Project("{FAE04EC0-301F-11D3-BF4B-00C04F79EFBC}") = "p12_LittleJohn", "p12_LittleJohn\p12_LittleJohn.csproj", "{240627F4-9B5F-490C-A88D-3F6B45D55137}"
EndProject
Project("{FAE04EC0-301F-11D3-BF4B-00C04F79EFBC}") = "p13_OfficeStuff", "p13_OfficeStuff\p13_OfficeStuff.csproj", "{F8BAB0E1-DC48-4D0F-815F-33307FA3CB74}"
EndProject
Project("{FAE04EC0-301F-11D3-BF4B-00C04F79EFBC}") = "p14_ExportToExcel", "p14_ExportToExcel\p14_ExportToExcel.csproj", "{507B4870-A635-490F-9B8C-E868B0BAB6F9}"
EndProject
Project("{FAE04EC0-301F-11D3-BF4B-00C04F79EFBC}") = "p13_OfficeStuff2", "p13_OfficeStuff2\p13_OfficeStuff2.csproj", "{76591735-4952-4996-9A35-4370A23D399F}"
EndProject
Global
	GlobalSection(SolutionConfigurationPlatforms) = preSolution
		Debug|Any CPU = Debug|Any CPU
		Release|Any CPU = Release|Any CPU
	EndGlobalSection
	GlobalSection(ProjectConfigurationPlatforms) = postSolution
		{992DBCE6-AEAB-467D-9DE4-813C670B171A}.Debug|Any CPU.ActiveCfg = Debug|Any CPU
		{992DBCE6-AEAB-467D-9DE4-813C670B171A}.Debug|Any CPU.Build.0 = Debug|Any CPU
		{992DBCE6-AEAB-467D-9DE4-813C670B171A}.Release|Any CPU.ActiveCfg = Release|Any CPU
		{992DBCE6-AEAB-467D-9DE4-813C670B171A}.Release|Any CPU.Build.0 = Release|Any CPU
		{86C8C20F-1D13-466D-A1C0-3F2601EB55CE}.Debug|Any CPU.ActiveCfg = Debug|Any CPU
		{86C8C20F-1D13-466D-A1C0-3F2601EB55CE}.Debug|Any CPU.Build.0 = Debug|Any CPU
		{86C8C20F-1D13-466D-A1C0-3F2601EB55CE}.Release|Any CPU.ActiveCfg = Release|Any CPU
		{86C8C20F-1D13-466D-A1C0-3F2601EB55CE}.Release|Any CPU.Build.0 = Release|Any CPU
		{B8D8CF4B-35E9-4DB1-8E52-583B93A7DC65}.Debug|Any CPU.ActiveCfg = Debug|Any CPU
		{B8D8CF4B-35E9-4DB1-8E52-583B93A7DC65}.Debug|Any CPU.Build.0 = Debug|Any CPU
		{B8D8CF4B-35E9-4DB1-8E52-583B93A7DC65}.Release|Any CPU.ActiveCfg = Release|Any CPU
		{B8D8CF4B-35E9-4DB1-8E52-583B93A7DC65}.Release|Any CPU.Build.0 = Release|Any CPU
		{7279DC09-B7D9-4918-8075-D1672E1CFA0C}.Debug|Any CPU.ActiveCfg = Debug|Any CPU
		{7279DC09-B7D9-4918-8075-D1672E1CFA0C}.Debug|Any CPU.Build.0 = Debug|Any CPU
		{7279DC09-B7D9-4918-8075-D1672E1CFA0C}.Release|Any CPU.ActiveCfg = Release|Any CPU
		{7279DC09-B7D9-4918-8075-D1672E1CFA0C}.Release|Any CPU.Build.0 = Release|Any CPU
		{A24FF7C2-9D95-409E-87C4-FCF26720D23C}.Debug|Any CPU.ActiveCfg = Debug|Any CPU
		{A24FF7C2-9D95-409E-87C4-FCF26720D23C}.Debug|Any CPU.Build.0 = Debug|Any CPU
		{A24FF7C2-9D95-409E-87C4-FCF26720D23C}.Release|Any CPU.ActiveCfg = Release|Any CPU
		{A24FF7C2-9D95-409E-87C4-FCF26720D23C}.Release|Any CPU.Build.0 = Release|Any CPU
		{1600BF3F-E7D0-4BA0-97F9-E75F5687C183}.Debug|Any CPU.ActiveCfg = Debug|Any CPU
		{1600BF3F-E7D0-4BA0-97F9-E75F5687C183}.Debug|Any CPU.Build.0 = Debug|Any CPU
		{1600BF3F-E7D0-4BA0-97F9-E75F5687C183}.Release|Any CPU.ActiveCfg = Release|Any CPU
		{1600BF3F-E7D0-4BA0-97F9-E75F5687C183}.Release|Any CPU.Build.0 = Release|Any CPU
		{3A333917-1082-4959-A375-2D1287C2F198}.Debug|Any CPU.ActiveCfg = Debug|Any CPU
		{3A333917-1082-4959-A375-2D1287C2F198}.Debug|Any CPU.Build.0 = Debug|Any CPU
		{3A333917-1082-4959-A375-2D1287C2F198}.Release|Any CPU.ActiveCfg = Release|Any CPU
		{3A333917-1082-4959-A375-2D1287C2F198}.Release|Any CPU.Build.0 = Release|Any CPU
		{DB03865E-98C2-46C9-BE7D-0A843DB3EC6A}.Debug|Any CPU.ActiveCfg = Debug|Any CPU
		{DB03865E-98C2-46C9-BE7D-0A843DB3EC6A}.Debug|Any CPU.Build.0 = Debug|Any CPU
		{DB03865E-98C2-46C9-BE7D-0A843DB3EC6A}.Release|Any CPU.ActiveCfg = Release|Any CPU
		{DB03865E-98C2-46C9-BE7D-0A843DB3EC6A}.Release|Any CPU.Build.0 = Release|Any CPU
		{B5379398-D926-4EEE-A783-69E848DB1890}.Debug|Any CPU.ActiveCfg = Debug|Any CPU
		{B5379398-D926-4EEE-A783-69E848DB1890}.Debug|Any CPU.Build.0 = Debug|Any CPU
		{B5379398-D926-4EEE-A783-69E848DB1890}.Release|Any CPU.ActiveCfg = Release|Any CPU
		{B5379398-D926-4EEE-A783-69E848DB1890}.Release|Any CPU.Build.0 = Release|Any CPU
		{2F86B67C-63E9-45D8-90E0-C2BFFAB75FB3}.Debug|Any CPU.ActiveCfg = Debug|Any CPU
		{2F86B67C-63E9-45D8-90E0-C2BFFAB75FB3}.Debug|Any CPU.Build.0 = Debug|Any CPU
		{2F86B67C-63E9-45D8-90E0-C2BFFAB75FB3}.Release|Any CPU.ActiveCfg = Release|Any CPU
		{2F86B67C-63E9-45D8-90E0-C2BFFAB75FB3}.Release|Any CPU.Build.0 = Release|Any CPU
		{63080D88-D7FD-47DC-BE81-9749AF06975F}.Debug|Any CPU.ActiveCfg = Debug|Any CPU
		{63080D88-D7FD-47DC-BE81-9749AF06975F}.Debug|Any CPU.Build.0 = Debug|Any CPU
		{63080D88-D7FD-47DC-BE81-9749AF06975F}.Release|Any CPU.ActiveCfg = Release|Any CPU
		{63080D88-D7FD-47DC-BE81-9749AF06975F}.Release|Any CPU.Build.0 = Release|Any CPU
		{775A45E7-1EC0-4200-994A-787781E58179}.Debug|Any CPU.ActiveCfg = Debug|Any CPU
		{775A45E7-1EC0-4200-994A-787781E58179}.Debug|Any CPU.Build.0 = Debug|Any CPU
		{775A45E7-1EC0-4200-994A-787781E58179}.Release|Any CPU.ActiveCfg = Release|Any CPU
		{775A45E7-1EC0-4200-994A-787781E58179}.Release|Any CPU.Build.0 = Release|Any CPU
		{A291F7FC-0DA8-4D2E-9925-A6D58354B89D}.Debug|Any CPU.ActiveCfg = Debug|Any CPU
		{A291F7FC-0DA8-4D2E-9925-A6D58354B89D}.Debug|Any CPU.Build.0 = Debug|Any CPU
		{A291F7FC-0DA8-4D2E-9925-A6D58354B89D}.Release|Any CPU.ActiveCfg = Release|Any CPU
		{A291F7FC-0DA8-4D2E-9925-A6D58354B89D}.Release|Any CPU.Build.0 = Release|Any CPU
		{112C3736-3FFB-4CF4-A7DC-29EBCE514CD9}.Debug|Any CPU.ActiveCfg = Debug|Any CPU
		{112C3736-3FFB-4CF4-A7DC-29EBCE514CD9}.Debug|Any CPU.Build.0 = Debug|Any CPU
		{112C3736-3FFB-4CF4-A7DC-29EBCE514CD9}.Release|Any CPU.ActiveCfg = Release|Any CPU
		{112C3736-3FFB-4CF4-A7DC-29EBCE514CD9}.Release|Any CPU.Build.0 = Release|Any CPU
		{26161B12-AE7F-43B1-8DDC-94C7BBAFF556}.Debug|Any CPU.ActiveCfg = Debug|Any CPU
		{26161B12-AE7F-43B1-8DDC-94C7BBAFF556}.Debug|Any CPU.Build.0 = Debug|Any CPU
		{26161B12-AE7F-43B1-8DDC-94C7BBAFF556}.Release|Any CPU.ActiveCfg = Release|Any CPU
		{26161B12-AE7F-43B1-8DDC-94C7BBAFF556}.Release|Any CPU.Build.0 = Release|Any CPU
		{70ACCC7E-3CBB-45B9-8445-E18EFB512F17}.Debug|Any CPU.ActiveCfg = Debug|Any CPU
		{70ACCC7E-3CBB-45B9-8445-E18EFB512F17}.Debug|Any CPU.Build.0 = Debug|Any CPU
		{70ACCC7E-3CBB-45B9-8445-E18EFB512F17}.Release|Any CPU.ActiveCfg = Release|Any CPU
		{70ACCC7E-3CBB-45B9-8445-E18EFB512F17}.Release|Any CPU.Build.0 = Release|Any CPU
		{78B17A8D-9A67-4321-A8F6-C67DDD87FF38}.Debug|Any CPU.ActiveCfg = Debug|Any CPU
		{78B17A8D-9A67-4321-A8F6-C67DDD87FF38}.Debug|Any CPU.Build.0 = Debug|Any CPU
		{78B17A8D-9A67-4321-A8F6-C67DDD87FF38}.Release|Any CPU.ActiveCfg = Release|Any CPU
		{78B17A8D-9A67-4321-A8F6-C67DDD87FF38}.Release|Any CPU.Build.0 = Release|Any CPU
		{FE50FE71-4B73-40C4-820A-941BC17ACC5D}.Debug|Any CPU.ActiveCfg = Debug|Any CPU
		{FE50FE71-4B73-40C4-820A-941BC17ACC5D}.Debug|Any CPU.Build.0 = Debug|Any CPU
		{FE50FE71-4B73-40C4-820A-941BC17ACC5D}.Release|Any CPU.ActiveCfg = Release|Any CPU
		{FE50FE71-4B73-40C4-820A-941BC17ACC5D}.Release|Any CPU.Build.0 = Release|Any CPU
		{C3CAC4A1-B6C3-4373-98E4-A63E4CCB778E}.Debug|Any CPU.ActiveCfg = Debug|Any CPU
		{C3CAC4A1-B6C3-4373-98E4-A63E4CCB778E}.Debug|Any CPU.Build.0 = Debug|Any CPU
		{C3CAC4A1-B6C3-4373-98E4-A63E4CCB778E}.Release|Any CPU.ActiveCfg = Release|Any CPU
		{C3CAC4A1-B6C3-4373-98E4-A63E4CCB778E}.Release|Any CPU.Build.0 = Release|Any CPU
		{AEDC7D44-14EF-47D1-B536-EDAC5A614546}.Debug|Any CPU.ActiveCfg = Debug|Any CPU
		{AEDC7D44-14EF-47D1-B536-EDAC5A614546}.Debug|Any CPU.Build.0 = Debug|Any CPU
		{AEDC7D44-14EF-47D1-B536-EDAC5A614546}.Release|Any CPU.ActiveCfg = Release|Any CPU
		{AEDC7D44-14EF-47D1-B536-EDAC5A614546}.Release|Any CPU.Build.0 = Release|Any CPU
		{1082EAB4-C620-4422-9610-219E8A77FABA}.Debug|Any CPU.ActiveCfg = Debug|Any CPU
		{1082EAB4-C620-4422-9610-219E8A77FABA}.Debug|Any CPU.Build.0 = Debug|Any CPU
		{1082EAB4-C620-4422-9610-219E8A77FABA}.Release|Any CPU.ActiveCfg = Release|Any CPU
		{1082EAB4-C620-4422-9610-219E8A77FABA}.Release|Any CPU.Build.0 = Release|Any CPU
		{240627F4-9B5F-490C-A88D-3F6B45D55137}.Debug|Any CPU.ActiveCfg = Debug|Any CPU
		{240627F4-9B5F-490C-A88D-3F6B45D55137}.Debug|Any CPU.Build.0 = Debug|Any CPU
		{240627F4-9B5F-490C-A88D-3F6B45D55137}.Release|Any CPU.ActiveCfg = Release|Any CPU
		{240627F4-9B5F-490C-A88D-3F6B45D55137}.Release|Any CPU.Build.0 = Release|Any CPU
		{F8BAB0E1-DC48-4D0F-815F-33307FA3CB74}.Debug|Any CPU.ActiveCfg = Debug|Any CPU
		{F8BAB0E1-DC48-4D0F-815F-33307FA3CB74}.Debug|Any CPU.Build.0 = Debug|Any CPU
		{F8BAB0E1-DC48-4D0F-815F-33307FA3CB74}.Release|Any CPU.ActiveCfg = Release|Any CPU
		{F8BAB0E1-DC48-4D0F-815F-33307FA3CB74}.Release|Any CPU.Build.0 = Release|Any CPU
		{507B4870-A635-490F-9B8C-E868B0BAB6F9}.Debug|Any CPU.ActiveCfg = Debug|Any CPU
		{507B4870-A635-490F-9B8C-E868B0BAB6F9}.Debug|Any CPU.Build.0 = Debug|Any CPU
		{507B4870-A635-490F-9B8C-E868B0BAB6F9}.Release|Any CPU.ActiveCfg = Release|Any CPU
		{507B4870-A635-490F-9B8C-E868B0BAB6F9}.Release|Any CPU.Build.0 = Release|Any CPU
		{76591735-4952-4996-9A35-4370A23D399F}.Debug|Any CPU.ActiveCfg = Debug|Any CPU
		{76591735-4952-4996-9A35-4370A23D399F}.Debug|Any CPU.Build.0 = Debug|Any CPU
		{76591735-4952-4996-9A35-4370A23D399F}.Release|Any CPU.ActiveCfg = Release|Any CPU
		{76591735-4952-4996-9A35-4370A23D399F}.Release|Any CPU.Build.0 = Release|Any CPU
	EndGlobalSection
	GlobalSection(SolutionProperties) = preSolution
		HideSolutionNode = FALSE
	EndGlobalSection
EndGlobal
